
Microsoft Visual Studio Solution File, Format Version 12.00
# Visual Studio Version 17
VisualStudioVersion = 17.7.34018.315
MinimumVisualStudioVersion = 10.0.40219.1
Project("{8BC9CEB8-8B4A-11D0-8D11-00A0C91BC942}") = "cpp-200-001", "cpp-200-001\cpp-200-001.vcxproj", "{B8BBBDAA-9CD4-4874-BBC9-175CAE0F83B4}"
EndProject
Project("{8BC9CEB8-8B4A-11D0-8D11-00A0C91BC942}") = "cpp-200-002", "cpp-200-002\cpp-200-002.vcxproj", "{9C40E1A9-DC63-47FF-BF48-AE9379C8B4E3}"
EndProject
Project("{8BC9CEB8-8B4A-11D0-8D11-00A0C91BC942}") = "cpp-200-003", "cpp-200-003\cpp-200-003.vcxproj", "{7AC8117F-CB9E-4A69-8E78-D82FB1144327}"
EndProject
Project("{8BC9CEB8-8B4A-11D0-8D11-00A0C91BC942}") = "cpp-200-004", "cpp-200-004\cpp-200-004.vcxproj", "{CA01824C-D850-4273-9816-EAA0FDE24B76}"
EndProject
Project("{8BC9CEB8-8B4A-11D0-8D11-00A0C91BC942}") = "cpp-200-005", "cpp-200-005\cpp-200-005.vcxproj", "{E14434C5-CB5F-4D93-9269-063DDD2B41DC}"
EndProject
Project("{8BC9CEB8-8B4A-11D0-8D11-00A0C91BC942}") = "cpp-200-006", "cpp-200-006\cpp-200-006.vcxproj", "{5CA05AC2-4F10-48F8-8A66-62B0D39772BB}"
EndProject
Project("{8BC9CEB8-8B4A-11D0-8D11-00A0C91BC942}") = "cpp-200-007", "cpp-200-007\cpp-200-007.vcxproj", "{5C7BB4FC-F451-4CA3-A1A4-5D107BB0B096}"
EndProject
Project("{8BC9CEB8-8B4A-11D0-8D11-00A0C91BC942}") = "cpp-200-008", "cpp-200-008\cpp-200-008.vcxproj", "{BB335C3A-128B-48EB-9B59-D77CEA4E26FA}"
EndProject
Project("{8BC9CEB8-8B4A-11D0-8D11-00A0C91BC942}") = "cpp-200-009", "cpp-200-009\cpp-200-009.vcxproj", "{E5567E75-57CF-4A68-87D9-C1C485266488}"
EndProject
Project("{8BC9CEB8-8B4A-11D0-8D11-00A0C91BC942}") = "cpp-200-010", "cpp-200-010\cpp-200-010.vcxproj", "{A9803B97-589A-4F99-B16A-0B8FE2DD7AB2}"
EndProject
Project("{8BC9CEB8-8B4A-11D0-8D11-00A0C91BC942}") = "cpp-200-011", "cpp-200-011\cpp-200-011.vcxproj", "{D96C8CC6-33DB-4B32-8DF2-88280F05EEFA}"
EndProject
Project("{8BC9CEB8-8B4A-11D0-8D11-00A0C91BC942}") = "cpp-200-012", "cpp-200-012\cpp-200-012.vcxproj", "{F9209C9B-DB95-446E-ADB8-F6CE5E20C270}"
EndProject
Project("{8BC9CEB8-8B4A-11D0-8D11-00A0C91BC942}") = "cpp-200-013", "cpp-200-013\cpp-200-013.vcxproj", "{41C26CC8-02B1-4422-B10B-75FD1F980EAB}"
EndProject
Project("{8BC9CEB8-8B4A-11D0-8D11-00A0C91BC942}") = "cpp-200-014", "cpp-200-014\cpp-200-014.vcxproj", "{7FFFD2D9-51A7-4E03-BBEB-2E8230B97DD5}"
EndProject
Project("{8BC9CEB8-8B4A-11D0-8D11-00A0C91BC942}") = "cpp-200-015", "cpp-200-015\cpp-200-015.vcxproj", "{D2B57AFA-99C4-4FC7-93FA-3D8493E60554}"
EndProject
Project("{8BC9CEB8-8B4A-11D0-8D11-00A0C91BC942}") = "cpp-200-016", "cpp-200-016\cpp-200-016.vcxproj", "{95D30030-DD8D-42EE-8C18-7469F7322DED}"
EndProject
Project("{8BC9CEB8-8B4A-11D0-8D11-00A0C91BC942}") = "cpp-200-017", "cpp-200-017\cpp-200-017.vcxproj", "{2679C7E7-3D31-46A0-B0F0-EFFCED0E38CB}"
EndProject
Project("{8BC9CEB8-8B4A-11D0-8D11-00A0C91BC942}") = "cpp-200-018", "cpp-200-018\cpp-200-018.vcxproj", "{F999AE63-AD19-4CA8-9F19-21B01408BCEE}"
EndProject
Project("{8BC9CEB8-8B4A-11D0-8D11-00A0C91BC942}") = "cpp-200-019", "cpp-200-019\cpp-200-019.vcxproj", "{E5C1626A-EDE3-467E-8866-173A2DE6C45C}"
EndProject
Project("{8BC9CEB8-8B4A-11D0-8D11-00A0C91BC942}") = "cpp-200-020", "cpp-200-020\cpp-200-020.vcxproj", "{78B15B16-1084-41EB-9BFB-ED37D6122A98}"
EndProject
Project("{8BC9CEB8-8B4A-11D0-8D11-00A0C91BC942}") = "cpp-200-021", "cpp-200-021\cpp-200-021.vcxproj", "{8EF6F2D9-1AF9-46EA-94CF-7E2AD332F90D}"
EndProject
Project("{8BC9CEB8-8B4A-11D0-8D11-00A0C91BC942}") = "cpp-200-022", "cpp-200-022\cpp-200-022.vcxproj", "{21C74808-3B66-4E9D-BCD1-07DCEE30337C}"
EndProject
Project("{8BC9CEB8-8B4A-11D0-8D11-00A0C91BC942}") = "cpp-200-023", "cpp-200-023\cpp-200-023.vcxproj", "{D8C12330-3A05-44AA-917B-8ED776A8745F}"
EndProject
Project("{8BC9CEB8-8B4A-11D0-8D11-00A0C91BC942}") = "cpp-200-024", "cpp-200-024\cpp-200-024.vcxproj", "{F589D115-A56B-4115-8702-AC262717BDD8}"
EndProject
Project("{8BC9CEB8-8B4A-11D0-8D11-00A0C91BC942}") = "cpp-200-025", "cpp-200-025\cpp-200-025.vcxproj", "{8ADFDE88-329F-4F80-B24B-52EFEBF46DFC}"
EndProject
Project("{8BC9CEB8-8B4A-11D0-8D11-00A0C91BC942}") = "cpp-200-026", "cpp-200-026\cpp-200-026.vcxproj", "{F53E9034-B27C-4B79-B3C7-4F771AB9AA91}"
EndProject
Project("{8BC9CEB8-8B4A-11D0-8D11-00A0C91BC942}") = "cpp-200-027", "cpp-200-027\cpp-200-027.vcxproj", "{B7ED1AAD-3FDD-4293-8893-72C45D6C10F4}"
EndProject
Project("{8BC9CEB8-8B4A-11D0-8D11-00A0C91BC942}") = "cpp-200-028", "cpp-200-028\cpp-200-028.vcxproj", "{3B5D4804-FB6D-4528-AAC6-BBD2EA479B7D}"
EndProject
Project("{8BC9CEB8-8B4A-11D0-8D11-00A0C91BC942}") = "cpp-200-029", "cpp-200-029\cpp-200-029.vcxproj", "{F0DE9789-875E-4BDC-84CB-91973C469E73}"
EndProject
Project("{8BC9CEB8-8B4A-11D0-8D11-00A0C91BC942}") = "cpp-200-030", "cpp-200-030\cpp-200-030.vcxproj", "{07D9ED52-D40A-447B-9105-6B76F67E6E0C}"
EndProject
Project("{8BC9CEB8-8B4A-11D0-8D11-00A0C91BC942}") = "cpp-200-031", "cpp-200-031\cpp-200-031.vcxproj", "{8349546F-4024-4A9A-BECE-86BA47C1DE23}"
EndProject
Project("{8BC9CEB8-8B4A-11D0-8D11-00A0C91BC942}") = "cpp-200-032", "cpp-200-032\cpp-200-032.vcxproj", "{7198741B-83E4-4F39-98FA-A37605C37710}"
EndProject
Project("{8BC9CEB8-8B4A-11D0-8D11-00A0C91BC942}") = "cpp-200-033", "cpp-200-033\cpp-200-033.vcxproj", "{95E52603-D7AD-4994-90DB-6315C6AB7795}"
EndProject
Project("{8BC9CEB8-8B4A-11D0-8D11-00A0C91BC942}") = "cpp-200-034", "cpp-200-034\cpp-200-034.vcxproj", "{A2F37EFE-9040-44A7-842B-03C0FAE9B31F}"
EndProject
Project("{8BC9CEB8-8B4A-11D0-8D11-00A0C91BC942}") = "cpp-200-035", "cpp-200-035\cpp-200-035.vcxproj", "{403E26E2-48D2-4DB3-B0AF-86E736FC7A16}"
EndProject
Project("{8BC9CEB8-8B4A-11D0-8D11-00A0C91BC942}") = "cpp-200-036", "cpp-200-036\cpp-200-036.vcxproj", "{79E3F76C-43F6-4D27-BE68-31C1E7D323D8}"
EndProject
Project("{8BC9CEB8-8B4A-11D0-8D11-00A0C91BC942}") = "cpp-200-037", "cpp-200-037\cpp-200-037.vcxproj", "{99C9E370-C225-44FB-A962-4BD4990685FD}"
EndProject
Project("{8BC9CEB8-8B4A-11D0-8D11-00A0C91BC942}") = "cpp-200-038", "cpp-200-038\cpp-200-038.vcxproj", "{B48C72DA-49ED-4896-9740-32F12520B6F3}"
EndProject
Project("{8BC9CEB8-8B4A-11D0-8D11-00A0C91BC942}") = "cpp-200-039", "cpp-200-039\cpp-200-039.vcxproj", "{90A5563B-4772-46BF-B456-A14CFBC63928}"
EndProject
Project("{8BC9CEB8-8B4A-11D0-8D11-00A0C91BC942}") = "cpp-200-040", "cpp-200-040\cpp-200-040.vcxproj", "{92EEDB50-CF67-4154-8900-32786433D00A}"
EndProject
Project("{8BC9CEB8-8B4A-11D0-8D11-00A0C91BC942}") = "cpp-200-041", "cpp-200-041\cpp-200-041.vcxproj", "{D8DB575D-BFC2-40F5-B81E-591B551D012B}"
EndProject
Project("{8BC9CEB8-8B4A-11D0-8D11-00A0C91BC942}") = "cpp-200-042", "cpp-200-042\cpp-200-042.vcxproj", "{57C891E1-51C9-40FA-B552-4E29D1324312}"
EndProject
Project("{8BC9CEB8-8B4A-11D0-8D11-00A0C91BC942}") = "cpp-200-043", "cpp-200-043\cpp-200-043.vcxproj", "{D49E77ED-C1D3-4F24-B143-475DE6B78AFD}"
EndProject
Project("{8BC9CEB8-8B4A-11D0-8D11-00A0C91BC942}") = "cpp-200-044", "cpp-200-044\cpp-200-044.vcxproj", "{39047D6C-CDAD-4C23-A9FA-7E642F94EADE}"
EndProject
Project("{8BC9CEB8-8B4A-11D0-8D11-00A0C91BC942}") = "cpp-200-045", "cpp-200-045\cpp-200-045.vcxproj", "{4548266B-18D9-4D41-97A8-7EFBFABC3B3B}"
EndProject
Project("{8BC9CEB8-8B4A-11D0-8D11-00A0C91BC942}") = "cpp-200-046", "cpp-200-046\cpp-200-046.vcxproj", "{61266709-4AC2-4B89-84EB-268E42DFF96E}"
EndProject
Project("{8BC9CEB8-8B4A-11D0-8D11-00A0C91BC942}") = "cpp-200-047", "cpp-200-047\cpp-200-047.vcxproj", "{F2BE2B95-9120-4255-A3E3-A1BD93381884}"
EndProject
Project("{2150E333-8FDC-42A3-9474-1A3956D46DE8}") = "0.입문", "0.입문", "{1F7E94BF-9097-4D93-B44C-A126271B7010}"
EndProject
Project("{2150E333-8FDC-42A3-9474-1A3956D46DE8}") = "1.초급", "1.초급", "{D8DF2424-3D94-46B9-9D81-0AB4B5A675B7}"
EndProject
Project("{8BC9CEB8-8B4A-11D0-8D11-00A0C91BC942}") = "cpp-200-048", "cpp-200-048\cpp-200-048.vcxproj", "{8D36A714-AD82-4AA8-BA81-2AC52B90E1B5}"
EndProject
Project("{8BC9CEB8-8B4A-11D0-8D11-00A0C91BC942}") = "cpp-200-049", "cpp-200-049\cpp-200-049.vcxproj", "{D4F31829-ECE1-4767-99C7-1F5D26AEF730}"
EndProject
Project("{8BC9CEB8-8B4A-11D0-8D11-00A0C91BC942}") = "cpp-200-050", "cpp-200-050\cpp-200-050.vcxproj", "{F36ADACC-B4BC-47D0-8EA9-2BA3475F3AC7}"
EndProject
Project("{8BC9CEB8-8B4A-11D0-8D11-00A0C91BC942}") = "cpp-200-051", "cpp-200-051\cpp-200-051.vcxproj", "{E95BAE3F-681F-4D82-99A1-344A9416D99C}"
EndProject
Project("{8BC9CEB8-8B4A-11D0-8D11-00A0C91BC942}") = "cpp-200-052", "cpp-200-052\cpp-200-052.vcxproj", "{87F7EAEB-A839-4AAC-97B7-B662BAB27588}"
EndProject
Project("{8BC9CEB8-8B4A-11D0-8D11-00A0C91BC942}") = "cpp-200-053", "cpp-200-053\cpp-200-053.vcxproj", "{2807F017-ED16-4DD0-8FC3-340B945BCEAB}"
EndProject
Project("{8BC9CEB8-8B4A-11D0-8D11-00A0C91BC942}") = "cpp-200-054", "cpp-200-054\cpp-200-054.vcxproj", "{DC6027A5-6C98-4B20-AC6E-A73E8B0C7320}"
EndProject
Project("{8BC9CEB8-8B4A-11D0-8D11-00A0C91BC942}") = "cpp-200-055", "cpp-200-055\cpp-200-055.vcxproj", "{A7F7E658-CA34-423F-8490-8168E39CBFBD}"
EndProject
Project("{8BC9CEB8-8B4A-11D0-8D11-00A0C91BC942}") = "cpp-200-056", "cpp-200-056\cpp-200-056.vcxproj", "{0EC19DC7-63E1-46CB-BB7C-3210F155DE97}"
EndProject
Project("{8BC9CEB8-8B4A-11D0-8D11-00A0C91BC942}") = "cpp-200-057", "cpp-200-057\cpp-200-057.vcxproj", "{3613EC33-1CB1-4D3F-84DB-0775FEF5C852}"
EndProject
Project("{8BC9CEB8-8B4A-11D0-8D11-00A0C91BC942}") = "cpp-200-058", "cpp-200-058\cpp-200-058.vcxproj", "{08216D9E-CD65-492C-9F32-72A00B92AE33}"
EndProject
Project("{8BC9CEB8-8B4A-11D0-8D11-00A0C91BC942}") = "cpp-200-059", "cpp-200-059\cpp-200-059.vcxproj", "{0F423785-5EAF-4A38-BC2F-3A8953998683}"
EndProject
Project("{8BC9CEB8-8B4A-11D0-8D11-00A0C91BC942}") = "cpp-200-060", "cpp-200-060\cpp-200-060.vcxproj", "{BA7E0ED3-4D3C-482C-8450-069F367078C4}"
EndProject
Project("{8BC9CEB8-8B4A-11D0-8D11-00A0C91BC942}") = "cpp-200-061", "cpp-200-061\cpp-200-061.vcxproj", "{3920FAFF-5E81-4DC9-9605-9B41B045FFF0}"
EndProject
Project("{8BC9CEB8-8B4A-11D0-8D11-00A0C91BC942}") = "cpp-200-062", "cpp-062\cpp-062.vcxproj", "{4C8938A1-F10F-4784-BDD0-FFBCF105D15D}"
EndProject
Project("{8BC9CEB8-8B4A-11D0-8D11-00A0C91BC942}") = "cpp-200-063", "cpp-063\cpp-063.vcxproj", "{E9B78722-F378-40FB-8B2E-BCE1E78707B6}"
EndProject
Project("{8BC9CEB8-8B4A-11D0-8D11-00A0C91BC942}") = "cpp-200-064", "cpp-200-064\cpp-200-064.vcxproj", "{8D38EB80-D99D-4A98-BF9B-94E7A859F669}"
EndProject
Project("{8BC9CEB8-8B4A-11D0-8D11-00A0C91BC942}") = "cpp-200-065", "cpp-200-065\cpp-200-065.vcxproj", "{8A1CE7B3-9D03-45ED-BDDE-85CD13F73611}"
EndProject
Project("{8BC9CEB8-8B4A-11D0-8D11-00A0C91BC942}") = "cpp-200-066", "cpp-200-066\cpp-200-066.vcxproj", "{B0898AF3-F34E-46B7-9A44-0260101E877C}"
EndProject
Project("{8BC9CEB8-8B4A-11D0-8D11-00A0C91BC942}") = "cpp-200-067", "cpp-200-067\cpp-200-067.vcxproj", "{21DFBBF8-2F44-41CB-8BE6-EE115A203BF1}"
EndProject
Project("{8BC9CEB8-8B4A-11D0-8D11-00A0C91BC942}") = "cpp-200-068", "cpp-200-068\cpp-200-068.vcxproj", "{21137EB6-BF5B-4B09-B6C8-0C8F105624F5}"
EndProject
Project("{8BC9CEB8-8B4A-11D0-8D11-00A0C91BC942}") = "cpp-200-069", "cpp-200-069\cpp-200-069.vcxproj", "{41B9D599-E961-4A3A-AC77-3F983CA2B643}"
EndProject
Project("{8BC9CEB8-8B4A-11D0-8D11-00A0C91BC942}") = "cpp-200-070", "cpp-200-070\cpp-200-070.vcxproj", "{89D66389-99FF-48B2-B185-5029300C78BD}"
EndProject
Project("{8BC9CEB8-8B4A-11D0-8D11-00A0C91BC942}") = "cpp-200-071", "cpp-200-071\cpp-200-071.vcxproj", "{50AD2DD5-5420-4288-90A6-C970D94CB57D}"
EndProject
Project("{8BC9CEB8-8B4A-11D0-8D11-00A0C91BC942}") = "cpp-200-072", "cpp-200-072\cpp-200-072.vcxproj", "{3FFE8DE0-D721-428D-85A6-51B7817FD7C4}"
EndProject
Project("{8BC9CEB8-8B4A-11D0-8D11-00A0C91BC942}") = "cpp-200-073", "cpp-200-073\cpp-200-073.vcxproj", "{B37E62CF-2824-435E-8024-16219EB9DBAF}"
EndProject
Project("{2150E333-8FDC-42A3-9474-1A3956D46DE8}") = "2.중급", "2.중급", "{B8047AEC-E0CD-48D2-8CC0-20ED76ECA735}"
EndProject
Project("{8BC9CEB8-8B4A-11D0-8D11-00A0C91BC942}") = "cpp-200-075", "cpp-200-075\cpp-200-075.vcxproj", "{5A42D455-F680-497D-9E49-4A1EA0C39613}"
EndProject
Project("{8BC9CEB8-8B4A-11D0-8D11-00A0C91BC942}") = "cpp-200-076", "cpp-200-076\cpp-200-076.vcxproj", "{040A99A6-6909-4B87-B8B1-3DFEC848DF6F}"
EndProject
Project("{8BC9CEB8-8B4A-11D0-8D11-00A0C91BC942}") = "cpp-200-077", "cpp-200-077\cpp-200-077.vcxproj", "{1EB4FFC2-21BE-434F-8812-5804E2166429}"
EndProject
Project("{8BC9CEB8-8B4A-11D0-8D11-00A0C91BC942}") = "cpp-200-078", "cpp-200-078\cpp-200-078.vcxproj", "{74E2DFF6-AE92-42EA-A44C-8A300E672A42}"
EndProject
Project("{8BC9CEB8-8B4A-11D0-8D11-00A0C91BC942}") = "cpp-200-079", "cpp-200-079\cpp-200-079.vcxproj", "{60344466-A98B-4DD6-BE0D-436149809478}"
EndProject
Project("{8BC9CEB8-8B4A-11D0-8D11-00A0C91BC942}") = "cpp-200-080", "cpp-200-080\cpp-200-080.vcxproj", "{06B2DE58-4519-4969-8AF1-2F9DC70F0BCC}"
EndProject
Project("{8BC9CEB8-8B4A-11D0-8D11-00A0C91BC942}") = "cpp-200-081", "cpp-200-081\cpp-200-081.vcxproj", "{2DDA44B9-F263-49B1-837D-B1BB3BF1BEA1}"
EndProject
Project("{8BC9CEB8-8B4A-11D0-8D11-00A0C91BC942}") = "cpp-200-082", "cpp-200-082\cpp-200-082.vcxproj", "{11C90232-F800-4D6D-97E6-9AE979894E37}"
EndProject
Project("{8BC9CEB8-8B4A-11D0-8D11-00A0C91BC942}") = "cpp-200-083", "cpp-200-083\cpp-200-083.vcxproj", "{06E03352-2B7B-48D6-A1A0-925B7CBC4229}"
EndProject
Project("{8BC9CEB8-8B4A-11D0-8D11-00A0C91BC942}") = "cpp-200-084", "cpp-200-084\cpp-200-084.vcxproj", "{461C62AF-B99F-438E-9FE8-609B1B924D3B}"
EndProject
Project("{8BC9CEB8-8B4A-11D0-8D11-00A0C91BC942}") = "cpp-200-085", "cpp-200-085\cpp-200-085.vcxproj", "{09B575BC-9B79-4212-BE57-10821E29E3E7}"
EndProject
Project("{8BC9CEB8-8B4A-11D0-8D11-00A0C91BC942}") = "cpp-200-086", "cpp-200-86\cpp-200-86.vcxproj", "{A45CDC0B-4996-44A1-8D00-A8E7C0A814CC}"
EndProject
Project("{8BC9CEB8-8B4A-11D0-8D11-00A0C91BC942}") = "cpp-200-088", "cpp-200-088\cpp-200-088.vcxproj", "{D070ED0B-7A13-4743-A6DA-5936D9455EB7}"
EndProject
Project("{8BC9CEB8-8B4A-11D0-8D11-00A0C91BC942}") = "cpp-200-087", "cpp-200-087\cpp-200-087.vcxproj", "{6670496D-8F1E-4E36-A9E1-1A687B449344}"
EndProject
Project("{8BC9CEB8-8B4A-11D0-8D11-00A0C91BC942}") = "cpp-200-089", "cpp-200-089\cpp-200-089.vcxproj", "{897B05DC-6678-43C8-BF68-4DDBB458C85F}"
EndProject
Project("{8BC9CEB8-8B4A-11D0-8D11-00A0C91BC942}") = "cpp-200-090", "cpp-200-090\cpp-200-090.vcxproj", "{9B038D1C-6431-44E9-85AE-560618DD987E}"
EndProject
Project("{8BC9CEB8-8B4A-11D0-8D11-00A0C91BC942}") = "cpp-200-091", "cpp-200-091\cpp-200-091.vcxproj", "{6D84BCDB-6443-433B-AB87-A8379E6C4787}"
EndProject
Project("{8BC9CEB8-8B4A-11D0-8D11-00A0C91BC942}") = "cpp-200-092", "cpp-200-092\cpp-200-092.vcxproj", "{18C9E46F-6C52-4BBF-888F-7182C0E5B59A}"
EndProject
Project("{8BC9CEB8-8B4A-11D0-8D11-00A0C91BC942}") = "cpp-200-093", "cpp-200-093\cpp-200-093.vcxproj", "{870E05A6-9E83-4D24-96B4-DA718EED1CBA}"
EndProject
Project("{8BC9CEB8-8B4A-11D0-8D11-00A0C91BC942}") = "cpp-200-094", "cpp-200-094\cpp-200-094.vcxproj", "{5E224EC0-2A75-418B-99CD-24CE33B16BF6}"
EndProject
Project("{8BC9CEB8-8B4A-11D0-8D11-00A0C91BC942}") = "cpp-200-095", "cpp-200-095\cpp-200-095.vcxproj", "{DBF8B798-66ED-47F2-A859-1402821EFC6D}"
EndProject
Project("{8BC9CEB8-8B4A-11D0-8D11-00A0C91BC942}") = "cpp-200-096", "cpp-200-096\cpp-200-096.vcxproj", "{79FAB15F-9EC7-459D-939C-4F5CD5EDAB44}"
EndProject
Project("{8BC9CEB8-8B4A-11D0-8D11-00A0C91BC942}") = "cpp-200-097", "cpp-200-097\cpp-200-097.vcxproj", "{75C0846E-0A18-4DEF-8DC0-8A12645DC6D4}"
EndProject
Project("{8BC9CEB8-8B4A-11D0-8D11-00A0C91BC942}") = "cpp-200-098", "cpp-200-098\cpp-200-098.vcxproj", "{5B783766-54A5-4561-9FF4-5E1D828E9A05}"
EndProject
Project("{8BC9CEB8-8B4A-11D0-8D11-00A0C91BC942}") = "cpp-200-099", "cpp-200-099\cpp-200-099.vcxproj", "{4648F13F-DB17-49FB-A114-536B583E91B4}"
EndProject
Project("{8BC9CEB8-8B4A-11D0-8D11-00A0C91BC942}") = "cpp-200-100", "cpp-200-100\cpp-200-100.vcxproj", "{55094813-C613-4A06-BB40-E439FF2667BB}"
EndProject
Project("{8BC9CEB8-8B4A-11D0-8D11-00A0C91BC942}") = "cpp-200-101", "cpp-200-101\cpp-200-101.vcxproj", "{E32B9037-A388-4C45-9E21-6321385E2705}"
EndProject
Global
	GlobalSection(SolutionConfigurationPlatforms) = preSolution
		Debug|x64 = Debug|x64
		Debug|x86 = Debug|x86
		Release|x64 = Release|x64
		Release|x86 = Release|x86
	EndGlobalSection
	GlobalSection(ProjectConfigurationPlatforms) = postSolution
		{B8BBBDAA-9CD4-4874-BBC9-175CAE0F83B4}.Debug|x64.ActiveCfg = Debug|x64
		{B8BBBDAA-9CD4-4874-BBC9-175CAE0F83B4}.Debug|x64.Build.0 = Debug|x64
		{B8BBBDAA-9CD4-4874-BBC9-175CAE0F83B4}.Debug|x86.ActiveCfg = Debug|Win32
		{B8BBBDAA-9CD4-4874-BBC9-175CAE0F83B4}.Debug|x86.Build.0 = Debug|Win32
		{B8BBBDAA-9CD4-4874-BBC9-175CAE0F83B4}.Release|x64.ActiveCfg = Release|x64
		{B8BBBDAA-9CD4-4874-BBC9-175CAE0F83B4}.Release|x64.Build.0 = Release|x64
		{B8BBBDAA-9CD4-4874-BBC9-175CAE0F83B4}.Release|x86.ActiveCfg = Release|Win32
		{B8BBBDAA-9CD4-4874-BBC9-175CAE0F83B4}.Release|x86.Build.0 = Release|Win32
		{9C40E1A9-DC63-47FF-BF48-AE9379C8B4E3}.Debug|x64.ActiveCfg = Debug|x64
		{9C40E1A9-DC63-47FF-BF48-AE9379C8B4E3}.Debug|x64.Build.0 = Debug|x64
		{9C40E1A9-DC63-47FF-BF48-AE9379C8B4E3}.Debug|x86.ActiveCfg = Debug|Win32
		{9C40E1A9-DC63-47FF-BF48-AE9379C8B4E3}.Debug|x86.Build.0 = Debug|Win32
		{9C40E1A9-DC63-47FF-BF48-AE9379C8B4E3}.Release|x64.ActiveCfg = Release|x64
		{9C40E1A9-DC63-47FF-BF48-AE9379C8B4E3}.Release|x64.Build.0 = Release|x64
		{9C40E1A9-DC63-47FF-BF48-AE9379C8B4E3}.Release|x86.ActiveCfg = Release|Win32
		{9C40E1A9-DC63-47FF-BF48-AE9379C8B4E3}.Release|x86.Build.0 = Release|Win32
		{7AC8117F-CB9E-4A69-8E78-D82FB1144327}.Debug|x64.ActiveCfg = Debug|x64
		{7AC8117F-CB9E-4A69-8E78-D82FB1144327}.Debug|x64.Build.0 = Debug|x64
		{7AC8117F-CB9E-4A69-8E78-D82FB1144327}.Debug|x86.ActiveCfg = Debug|Win32
		{7AC8117F-CB9E-4A69-8E78-D82FB1144327}.Debug|x86.Build.0 = Debug|Win32
		{7AC8117F-CB9E-4A69-8E78-D82FB1144327}.Release|x64.ActiveCfg = Release|x64
		{7AC8117F-CB9E-4A69-8E78-D82FB1144327}.Release|x64.Build.0 = Release|x64
		{7AC8117F-CB9E-4A69-8E78-D82FB1144327}.Release|x86.ActiveCfg = Release|Win32
		{7AC8117F-CB9E-4A69-8E78-D82FB1144327}.Release|x86.Build.0 = Release|Win32
		{CA01824C-D850-4273-9816-EAA0FDE24B76}.Debug|x64.ActiveCfg = Debug|x64
		{CA01824C-D850-4273-9816-EAA0FDE24B76}.Debug|x64.Build.0 = Debug|x64
		{CA01824C-D850-4273-9816-EAA0FDE24B76}.Debug|x86.ActiveCfg = Debug|Win32
		{CA01824C-D850-4273-9816-EAA0FDE24B76}.Debug|x86.Build.0 = Debug|Win32
		{CA01824C-D850-4273-9816-EAA0FDE24B76}.Release|x64.ActiveCfg = Release|x64
		{CA01824C-D850-4273-9816-EAA0FDE24B76}.Release|x64.Build.0 = Release|x64
		{CA01824C-D850-4273-9816-EAA0FDE24B76}.Release|x86.ActiveCfg = Release|Win32
		{CA01824C-D850-4273-9816-EAA0FDE24B76}.Release|x86.Build.0 = Release|Win32
		{E14434C5-CB5F-4D93-9269-063DDD2B41DC}.Debug|x64.ActiveCfg = Debug|x64
		{E14434C5-CB5F-4D93-9269-063DDD2B41DC}.Debug|x64.Build.0 = Debug|x64
		{E14434C5-CB5F-4D93-9269-063DDD2B41DC}.Debug|x86.ActiveCfg = Debug|Win32
		{E14434C5-CB5F-4D93-9269-063DDD2B41DC}.Debug|x86.Build.0 = Debug|Win32
		{E14434C5-CB5F-4D93-9269-063DDD2B41DC}.Release|x64.ActiveCfg = Release|x64
		{E14434C5-CB5F-4D93-9269-063DDD2B41DC}.Release|x64.Build.0 = Release|x64
		{E14434C5-CB5F-4D93-9269-063DDD2B41DC}.Release|x86.ActiveCfg = Release|Win32
		{E14434C5-CB5F-4D93-9269-063DDD2B41DC}.Release|x86.Build.0 = Release|Win32
		{5CA05AC2-4F10-48F8-8A66-62B0D39772BB}.Debug|x64.ActiveCfg = Debug|x64
		{5CA05AC2-4F10-48F8-8A66-62B0D39772BB}.Debug|x64.Build.0 = Debug|x64
		{5CA05AC2-4F10-48F8-8A66-62B0D39772BB}.Debug|x86.ActiveCfg = Debug|Win32
		{5CA05AC2-4F10-48F8-8A66-62B0D39772BB}.Debug|x86.Build.0 = Debug|Win32
		{5CA05AC2-4F10-48F8-8A66-62B0D39772BB}.Release|x64.ActiveCfg = Release|x64
		{5CA05AC2-4F10-48F8-8A66-62B0D39772BB}.Release|x64.Build.0 = Release|x64
		{5CA05AC2-4F10-48F8-8A66-62B0D39772BB}.Release|x86.ActiveCfg = Release|Win32
		{5CA05AC2-4F10-48F8-8A66-62B0D39772BB}.Release|x86.Build.0 = Release|Win32
		{5C7BB4FC-F451-4CA3-A1A4-5D107BB0B096}.Debug|x64.ActiveCfg = Debug|x64
		{5C7BB4FC-F451-4CA3-A1A4-5D107BB0B096}.Debug|x64.Build.0 = Debug|x64
		{5C7BB4FC-F451-4CA3-A1A4-5D107BB0B096}.Debug|x86.ActiveCfg = Debug|Win32
		{5C7BB4FC-F451-4CA3-A1A4-5D107BB0B096}.Debug|x86.Build.0 = Debug|Win32
		{5C7BB4FC-F451-4CA3-A1A4-5D107BB0B096}.Release|x64.ActiveCfg = Release|x64
		{5C7BB4FC-F451-4CA3-A1A4-5D107BB0B096}.Release|x64.Build.0 = Release|x64
		{5C7BB4FC-F451-4CA3-A1A4-5D107BB0B096}.Release|x86.ActiveCfg = Release|Win32
		{5C7BB4FC-F451-4CA3-A1A4-5D107BB0B096}.Release|x86.Build.0 = Release|Win32
		{BB335C3A-128B-48EB-9B59-D77CEA4E26FA}.Debug|x64.ActiveCfg = Debug|x64
		{BB335C3A-128B-48EB-9B59-D77CEA4E26FA}.Debug|x64.Build.0 = Debug|x64
		{BB335C3A-128B-48EB-9B59-D77CEA4E26FA}.Debug|x86.ActiveCfg = Debug|Win32
		{BB335C3A-128B-48EB-9B59-D77CEA4E26FA}.Debug|x86.Build.0 = Debug|Win32
		{BB335C3A-128B-48EB-9B59-D77CEA4E26FA}.Release|x64.ActiveCfg = Release|x64
		{BB335C3A-128B-48EB-9B59-D77CEA4E26FA}.Release|x64.Build.0 = Release|x64
		{BB335C3A-128B-48EB-9B59-D77CEA4E26FA}.Release|x86.ActiveCfg = Release|Win32
		{BB335C3A-128B-48EB-9B59-D77CEA4E26FA}.Release|x86.Build.0 = Release|Win32
		{E5567E75-57CF-4A68-87D9-C1C485266488}.Debug|x64.ActiveCfg = Debug|x64
		{E5567E75-57CF-4A68-87D9-C1C485266488}.Debug|x64.Build.0 = Debug|x64
		{E5567E75-57CF-4A68-87D9-C1C485266488}.Debug|x86.ActiveCfg = Debug|Win32
		{E5567E75-57CF-4A68-87D9-C1C485266488}.Debug|x86.Build.0 = Debug|Win32
		{E5567E75-57CF-4A68-87D9-C1C485266488}.Release|x64.ActiveCfg = Release|x64
		{E5567E75-57CF-4A68-87D9-C1C485266488}.Release|x64.Build.0 = Release|x64
		{E5567E75-57CF-4A68-87D9-C1C485266488}.Release|x86.ActiveCfg = Release|Win32
		{E5567E75-57CF-4A68-87D9-C1C485266488}.Release|x86.Build.0 = Release|Win32
		{A9803B97-589A-4F99-B16A-0B8FE2DD7AB2}.Debug|x64.ActiveCfg = Debug|x64
		{A9803B97-589A-4F99-B16A-0B8FE2DD7AB2}.Debug|x64.Build.0 = Debug|x64
		{A9803B97-589A-4F99-B16A-0B8FE2DD7AB2}.Debug|x86.ActiveCfg = Debug|Win32
		{A9803B97-589A-4F99-B16A-0B8FE2DD7AB2}.Debug|x86.Build.0 = Debug|Win32
		{A9803B97-589A-4F99-B16A-0B8FE2DD7AB2}.Release|x64.ActiveCfg = Release|x64
		{A9803B97-589A-4F99-B16A-0B8FE2DD7AB2}.Release|x64.Build.0 = Release|x64
		{A9803B97-589A-4F99-B16A-0B8FE2DD7AB2}.Release|x86.ActiveCfg = Release|Win32
		{A9803B97-589A-4F99-B16A-0B8FE2DD7AB2}.Release|x86.Build.0 = Release|Win32
		{D96C8CC6-33DB-4B32-8DF2-88280F05EEFA}.Debug|x64.ActiveCfg = Debug|x64
		{D96C8CC6-33DB-4B32-8DF2-88280F05EEFA}.Debug|x64.Build.0 = Debug|x64
		{D96C8CC6-33DB-4B32-8DF2-88280F05EEFA}.Debug|x86.ActiveCfg = Debug|Win32
		{D96C8CC6-33DB-4B32-8DF2-88280F05EEFA}.Debug|x86.Build.0 = Debug|Win32
		{D96C8CC6-33DB-4B32-8DF2-88280F05EEFA}.Release|x64.ActiveCfg = Release|x64
		{D96C8CC6-33DB-4B32-8DF2-88280F05EEFA}.Release|x64.Build.0 = Release|x64
		{D96C8CC6-33DB-4B32-8DF2-88280F05EEFA}.Release|x86.ActiveCfg = Release|Win32
		{D96C8CC6-33DB-4B32-8DF2-88280F05EEFA}.Release|x86.Build.0 = Release|Win32
		{F9209C9B-DB95-446E-ADB8-F6CE5E20C270}.Debug|x64.ActiveCfg = Debug|x64
		{F9209C9B-DB95-446E-ADB8-F6CE5E20C270}.Debug|x64.Build.0 = Debug|x64
		{F9209C9B-DB95-446E-ADB8-F6CE5E20C270}.Debug|x86.ActiveCfg = Debug|Win32
		{F9209C9B-DB95-446E-ADB8-F6CE5E20C270}.Debug|x86.Build.0 = Debug|Win32
		{F9209C9B-DB95-446E-ADB8-F6CE5E20C270}.Release|x64.ActiveCfg = Release|x64
		{F9209C9B-DB95-446E-ADB8-F6CE5E20C270}.Release|x64.Build.0 = Release|x64
		{F9209C9B-DB95-446E-ADB8-F6CE5E20C270}.Release|x86.ActiveCfg = Release|Win32
		{F9209C9B-DB95-446E-ADB8-F6CE5E20C270}.Release|x86.Build.0 = Release|Win32
		{41C26CC8-02B1-4422-B10B-75FD1F980EAB}.Debug|x64.ActiveCfg = Debug|x64
		{41C26CC8-02B1-4422-B10B-75FD1F980EAB}.Debug|x64.Build.0 = Debug|x64
		{41C26CC8-02B1-4422-B10B-75FD1F980EAB}.Debug|x86.ActiveCfg = Debug|Win32
		{41C26CC8-02B1-4422-B10B-75FD1F980EAB}.Debug|x86.Build.0 = Debug|Win32
		{41C26CC8-02B1-4422-B10B-75FD1F980EAB}.Release|x64.ActiveCfg = Release|x64
		{41C26CC8-02B1-4422-B10B-75FD1F980EAB}.Release|x64.Build.0 = Release|x64
		{41C26CC8-02B1-4422-B10B-75FD1F980EAB}.Release|x86.ActiveCfg = Release|Win32
		{41C26CC8-02B1-4422-B10B-75FD1F980EAB}.Release|x86.Build.0 = Release|Win32
		{7FFFD2D9-51A7-4E03-BBEB-2E8230B97DD5}.Debug|x64.ActiveCfg = Debug|x64
		{7FFFD2D9-51A7-4E03-BBEB-2E8230B97DD5}.Debug|x64.Build.0 = Debug|x64
		{7FFFD2D9-51A7-4E03-BBEB-2E8230B97DD5}.Debug|x86.ActiveCfg = Debug|Win32
		{7FFFD2D9-51A7-4E03-BBEB-2E8230B97DD5}.Debug|x86.Build.0 = Debug|Win32
		{7FFFD2D9-51A7-4E03-BBEB-2E8230B97DD5}.Release|x64.ActiveCfg = Release|x64
		{7FFFD2D9-51A7-4E03-BBEB-2E8230B97DD5}.Release|x64.Build.0 = Release|x64
		{7FFFD2D9-51A7-4E03-BBEB-2E8230B97DD5}.Release|x86.ActiveCfg = Release|Win32
		{7FFFD2D9-51A7-4E03-BBEB-2E8230B97DD5}.Release|x86.Build.0 = Release|Win32
		{D2B57AFA-99C4-4FC7-93FA-3D8493E60554}.Debug|x64.ActiveCfg = Debug|x64
		{D2B57AFA-99C4-4FC7-93FA-3D8493E60554}.Debug|x64.Build.0 = Debug|x64
		{D2B57AFA-99C4-4FC7-93FA-3D8493E60554}.Debug|x86.ActiveCfg = Debug|Win32
		{D2B57AFA-99C4-4FC7-93FA-3D8493E60554}.Debug|x86.Build.0 = Debug|Win32
		{D2B57AFA-99C4-4FC7-93FA-3D8493E60554}.Release|x64.ActiveCfg = Release|x64
		{D2B57AFA-99C4-4FC7-93FA-3D8493E60554}.Release|x64.Build.0 = Release|x64
		{D2B57AFA-99C4-4FC7-93FA-3D8493E60554}.Release|x86.ActiveCfg = Release|Win32
		{D2B57AFA-99C4-4FC7-93FA-3D8493E60554}.Release|x86.Build.0 = Release|Win32
		{95D30030-DD8D-42EE-8C18-7469F7322DED}.Debug|x64.ActiveCfg = Debug|x64
		{95D30030-DD8D-42EE-8C18-7469F7322DED}.Debug|x64.Build.0 = Debug|x64
		{95D30030-DD8D-42EE-8C18-7469F7322DED}.Debug|x86.ActiveCfg = Debug|Win32
		{95D30030-DD8D-42EE-8C18-7469F7322DED}.Debug|x86.Build.0 = Debug|Win32
		{95D30030-DD8D-42EE-8C18-7469F7322DED}.Release|x64.ActiveCfg = Release|x64
		{95D30030-DD8D-42EE-8C18-7469F7322DED}.Release|x64.Build.0 = Release|x64
		{95D30030-DD8D-42EE-8C18-7469F7322DED}.Release|x86.ActiveCfg = Release|Win32
		{95D30030-DD8D-42EE-8C18-7469F7322DED}.Release|x86.Build.0 = Release|Win32
		{2679C7E7-3D31-46A0-B0F0-EFFCED0E38CB}.Debug|x64.ActiveCfg = Debug|x64
		{2679C7E7-3D31-46A0-B0F0-EFFCED0E38CB}.Debug|x64.Build.0 = Debug|x64
		{2679C7E7-3D31-46A0-B0F0-EFFCED0E38CB}.Debug|x86.ActiveCfg = Debug|Win32
		{2679C7E7-3D31-46A0-B0F0-EFFCED0E38CB}.Debug|x86.Build.0 = Debug|Win32
		{2679C7E7-3D31-46A0-B0F0-EFFCED0E38CB}.Release|x64.ActiveCfg = Release|x64
		{2679C7E7-3D31-46A0-B0F0-EFFCED0E38CB}.Release|x64.Build.0 = Release|x64
		{2679C7E7-3D31-46A0-B0F0-EFFCED0E38CB}.Release|x86.ActiveCfg = Release|Win32
		{2679C7E7-3D31-46A0-B0F0-EFFCED0E38CB}.Release|x86.Build.0 = Release|Win32
		{F999AE63-AD19-4CA8-9F19-21B01408BCEE}.Debug|x64.ActiveCfg = Debug|x64
		{F999AE63-AD19-4CA8-9F19-21B01408BCEE}.Debug|x64.Build.0 = Debug|x64
		{F999AE63-AD19-4CA8-9F19-21B01408BCEE}.Debug|x86.ActiveCfg = Debug|Win32
		{F999AE63-AD19-4CA8-9F19-21B01408BCEE}.Debug|x86.Build.0 = Debug|Win32
		{F999AE63-AD19-4CA8-9F19-21B01408BCEE}.Release|x64.ActiveCfg = Release|x64
		{F999AE63-AD19-4CA8-9F19-21B01408BCEE}.Release|x64.Build.0 = Release|x64
		{F999AE63-AD19-4CA8-9F19-21B01408BCEE}.Release|x86.ActiveCfg = Release|Win32
		{F999AE63-AD19-4CA8-9F19-21B01408BCEE}.Release|x86.Build.0 = Release|Win32
		{E5C1626A-EDE3-467E-8866-173A2DE6C45C}.Debug|x64.ActiveCfg = Debug|x64
		{E5C1626A-EDE3-467E-8866-173A2DE6C45C}.Debug|x64.Build.0 = Debug|x64
		{E5C1626A-EDE3-467E-8866-173A2DE6C45C}.Debug|x86.ActiveCfg = Debug|Win32
		{E5C1626A-EDE3-467E-8866-173A2DE6C45C}.Debug|x86.Build.0 = Debug|Win32
		{E5C1626A-EDE3-467E-8866-173A2DE6C45C}.Release|x64.ActiveCfg = Release|x64
		{E5C1626A-EDE3-467E-8866-173A2DE6C45C}.Release|x64.Build.0 = Release|x64
		{E5C1626A-EDE3-467E-8866-173A2DE6C45C}.Release|x86.ActiveCfg = Release|Win32
		{E5C1626A-EDE3-467E-8866-173A2DE6C45C}.Release|x86.Build.0 = Release|Win32
		{78B15B16-1084-41EB-9BFB-ED37D6122A98}.Debug|x64.ActiveCfg = Debug|x64
		{78B15B16-1084-41EB-9BFB-ED37D6122A98}.Debug|x64.Build.0 = Debug|x64
		{78B15B16-1084-41EB-9BFB-ED37D6122A98}.Debug|x86.ActiveCfg = Debug|Win32
		{78B15B16-1084-41EB-9BFB-ED37D6122A98}.Debug|x86.Build.0 = Debug|Win32
		{78B15B16-1084-41EB-9BFB-ED37D6122A98}.Release|x64.ActiveCfg = Release|x64
		{78B15B16-1084-41EB-9BFB-ED37D6122A98}.Release|x64.Build.0 = Release|x64
		{78B15B16-1084-41EB-9BFB-ED37D6122A98}.Release|x86.ActiveCfg = Release|Win32
		{78B15B16-1084-41EB-9BFB-ED37D6122A98}.Release|x86.Build.0 = Release|Win32
		{8EF6F2D9-1AF9-46EA-94CF-7E2AD332F90D}.Debug|x64.ActiveCfg = Debug|x64
		{8EF6F2D9-1AF9-46EA-94CF-7E2AD332F90D}.Debug|x64.Build.0 = Debug|x64
		{8EF6F2D9-1AF9-46EA-94CF-7E2AD332F90D}.Debug|x86.ActiveCfg = Debug|Win32
		{8EF6F2D9-1AF9-46EA-94CF-7E2AD332F90D}.Debug|x86.Build.0 = Debug|Win32
		{8EF6F2D9-1AF9-46EA-94CF-7E2AD332F90D}.Release|x64.ActiveCfg = Release|x64
		{8EF6F2D9-1AF9-46EA-94CF-7E2AD332F90D}.Release|x64.Build.0 = Release|x64
		{8EF6F2D9-1AF9-46EA-94CF-7E2AD332F90D}.Release|x86.ActiveCfg = Release|Win32
		{8EF6F2D9-1AF9-46EA-94CF-7E2AD332F90D}.Release|x86.Build.0 = Release|Win32
		{21C74808-3B66-4E9D-BCD1-07DCEE30337C}.Debug|x64.ActiveCfg = Debug|x64
		{21C74808-3B66-4E9D-BCD1-07DCEE30337C}.Debug|x64.Build.0 = Debug|x64
		{21C74808-3B66-4E9D-BCD1-07DCEE30337C}.Debug|x86.ActiveCfg = Debug|Win32
		{21C74808-3B66-4E9D-BCD1-07DCEE30337C}.Debug|x86.Build.0 = Debug|Win32
		{21C74808-3B66-4E9D-BCD1-07DCEE30337C}.Release|x64.ActiveCfg = Release|x64
		{21C74808-3B66-4E9D-BCD1-07DCEE30337C}.Release|x64.Build.0 = Release|x64
		{21C74808-3B66-4E9D-BCD1-07DCEE30337C}.Release|x86.ActiveCfg = Release|Win32
		{21C74808-3B66-4E9D-BCD1-07DCEE30337C}.Release|x86.Build.0 = Release|Win32
		{D8C12330-3A05-44AA-917B-8ED776A8745F}.Debug|x64.ActiveCfg = Debug|x64
		{D8C12330-3A05-44AA-917B-8ED776A8745F}.Debug|x64.Build.0 = Debug|x64
		{D8C12330-3A05-44AA-917B-8ED776A8745F}.Debug|x86.ActiveCfg = Debug|Win32
		{D8C12330-3A05-44AA-917B-8ED776A8745F}.Debug|x86.Build.0 = Debug|Win32
		{D8C12330-3A05-44AA-917B-8ED776A8745F}.Release|x64.ActiveCfg = Release|x64
		{D8C12330-3A05-44AA-917B-8ED776A8745F}.Release|x64.Build.0 = Release|x64
		{D8C12330-3A05-44AA-917B-8ED776A8745F}.Release|x86.ActiveCfg = Release|Win32
		{D8C12330-3A05-44AA-917B-8ED776A8745F}.Release|x86.Build.0 = Release|Win32
		{F589D115-A56B-4115-8702-AC262717BDD8}.Debug|x64.ActiveCfg = Debug|x64
		{F589D115-A56B-4115-8702-AC262717BDD8}.Debug|x64.Build.0 = Debug|x64
		{F589D115-A56B-4115-8702-AC262717BDD8}.Debug|x86.ActiveCfg = Debug|Win32
		{F589D115-A56B-4115-8702-AC262717BDD8}.Debug|x86.Build.0 = Debug|Win32
		{F589D115-A56B-4115-8702-AC262717BDD8}.Release|x64.ActiveCfg = Release|x64
		{F589D115-A56B-4115-8702-AC262717BDD8}.Release|x64.Build.0 = Release|x64
		{F589D115-A56B-4115-8702-AC262717BDD8}.Release|x86.ActiveCfg = Release|Win32
		{F589D115-A56B-4115-8702-AC262717BDD8}.Release|x86.Build.0 = Release|Win32
		{8ADFDE88-329F-4F80-B24B-52EFEBF46DFC}.Debug|x64.ActiveCfg = Debug|x64
		{8ADFDE88-329F-4F80-B24B-52EFEBF46DFC}.Debug|x64.Build.0 = Debug|x64
		{8ADFDE88-329F-4F80-B24B-52EFEBF46DFC}.Debug|x86.ActiveCfg = Debug|Win32
		{8ADFDE88-329F-4F80-B24B-52EFEBF46DFC}.Debug|x86.Build.0 = Debug|Win32
		{8ADFDE88-329F-4F80-B24B-52EFEBF46DFC}.Release|x64.ActiveCfg = Release|x64
		{8ADFDE88-329F-4F80-B24B-52EFEBF46DFC}.Release|x64.Build.0 = Release|x64
		{8ADFDE88-329F-4F80-B24B-52EFEBF46DFC}.Release|x86.ActiveCfg = Release|Win32
		{8ADFDE88-329F-4F80-B24B-52EFEBF46DFC}.Release|x86.Build.0 = Release|Win32
		{F53E9034-B27C-4B79-B3C7-4F771AB9AA91}.Debug|x64.ActiveCfg = Debug|x64
		{F53E9034-B27C-4B79-B3C7-4F771AB9AA91}.Debug|x64.Build.0 = Debug|x64
		{F53E9034-B27C-4B79-B3C7-4F771AB9AA91}.Debug|x86.ActiveCfg = Debug|Win32
		{F53E9034-B27C-4B79-B3C7-4F771AB9AA91}.Debug|x86.Build.0 = Debug|Win32
		{F53E9034-B27C-4B79-B3C7-4F771AB9AA91}.Release|x64.ActiveCfg = Release|x64
		{F53E9034-B27C-4B79-B3C7-4F771AB9AA91}.Release|x64.Build.0 = Release|x64
		{F53E9034-B27C-4B79-B3C7-4F771AB9AA91}.Release|x86.ActiveCfg = Release|Win32
		{F53E9034-B27C-4B79-B3C7-4F771AB9AA91}.Release|x86.Build.0 = Release|Win32
		{B7ED1AAD-3FDD-4293-8893-72C45D6C10F4}.Debug|x64.ActiveCfg = Debug|x64
		{B7ED1AAD-3FDD-4293-8893-72C45D6C10F4}.Debug|x64.Build.0 = Debug|x64
		{B7ED1AAD-3FDD-4293-8893-72C45D6C10F4}.Debug|x86.ActiveCfg = Debug|Win32
		{B7ED1AAD-3FDD-4293-8893-72C45D6C10F4}.Debug|x86.Build.0 = Debug|Win32
		{B7ED1AAD-3FDD-4293-8893-72C45D6C10F4}.Release|x64.ActiveCfg = Release|x64
		{B7ED1AAD-3FDD-4293-8893-72C45D6C10F4}.Release|x64.Build.0 = Release|x64
		{B7ED1AAD-3FDD-4293-8893-72C45D6C10F4}.Release|x86.ActiveCfg = Release|Win32
		{B7ED1AAD-3FDD-4293-8893-72C45D6C10F4}.Release|x86.Build.0 = Release|Win32
		{3B5D4804-FB6D-4528-AAC6-BBD2EA479B7D}.Debug|x64.ActiveCfg = Debug|x64
		{3B5D4804-FB6D-4528-AAC6-BBD2EA479B7D}.Debug|x64.Build.0 = Debug|x64
		{3B5D4804-FB6D-4528-AAC6-BBD2EA479B7D}.Debug|x86.ActiveCfg = Debug|Win32
		{3B5D4804-FB6D-4528-AAC6-BBD2EA479B7D}.Debug|x86.Build.0 = Debug|Win32
		{3B5D4804-FB6D-4528-AAC6-BBD2EA479B7D}.Release|x64.ActiveCfg = Release|x64
		{3B5D4804-FB6D-4528-AAC6-BBD2EA479B7D}.Release|x64.Build.0 = Release|x64
		{3B5D4804-FB6D-4528-AAC6-BBD2EA479B7D}.Release|x86.ActiveCfg = Release|Win32
		{3B5D4804-FB6D-4528-AAC6-BBD2EA479B7D}.Release|x86.Build.0 = Release|Win32
		{F0DE9789-875E-4BDC-84CB-91973C469E73}.Debug|x64.ActiveCfg = Debug|x64
		{F0DE9789-875E-4BDC-84CB-91973C469E73}.Debug|x64.Build.0 = Debug|x64
		{F0DE9789-875E-4BDC-84CB-91973C469E73}.Debug|x86.ActiveCfg = Debug|Win32
		{F0DE9789-875E-4BDC-84CB-91973C469E73}.Debug|x86.Build.0 = Debug|Win32
		{F0DE9789-875E-4BDC-84CB-91973C469E73}.Release|x64.ActiveCfg = Release|x64
		{F0DE9789-875E-4BDC-84CB-91973C469E73}.Release|x64.Build.0 = Release|x64
		{F0DE9789-875E-4BDC-84CB-91973C469E73}.Release|x86.ActiveCfg = Release|Win32
		{F0DE9789-875E-4BDC-84CB-91973C469E73}.Release|x86.Build.0 = Release|Win32
		{07D9ED52-D40A-447B-9105-6B76F67E6E0C}.Debug|x64.ActiveCfg = Debug|x64
		{07D9ED52-D40A-447B-9105-6B76F67E6E0C}.Debug|x64.Build.0 = Debug|x64
		{07D9ED52-D40A-447B-9105-6B76F67E6E0C}.Debug|x86.ActiveCfg = Debug|Win32
		{07D9ED52-D40A-447B-9105-6B76F67E6E0C}.Debug|x86.Build.0 = Debug|Win32
		{07D9ED52-D40A-447B-9105-6B76F67E6E0C}.Release|x64.ActiveCfg = Release|x64
		{07D9ED52-D40A-447B-9105-6B76F67E6E0C}.Release|x64.Build.0 = Release|x64
		{07D9ED52-D40A-447B-9105-6B76F67E6E0C}.Release|x86.ActiveCfg = Release|Win32
		{07D9ED52-D40A-447B-9105-6B76F67E6E0C}.Release|x86.Build.0 = Release|Win32
		{8349546F-4024-4A9A-BECE-86BA47C1DE23}.Debug|x64.ActiveCfg = Debug|x64
		{8349546F-4024-4A9A-BECE-86BA47C1DE23}.Debug|x64.Build.0 = Debug|x64
		{8349546F-4024-4A9A-BECE-86BA47C1DE23}.Debug|x86.ActiveCfg = Debug|Win32
		{8349546F-4024-4A9A-BECE-86BA47C1DE23}.Debug|x86.Build.0 = Debug|Win32
		{8349546F-4024-4A9A-BECE-86BA47C1DE23}.Release|x64.ActiveCfg = Release|x64
		{8349546F-4024-4A9A-BECE-86BA47C1DE23}.Release|x64.Build.0 = Release|x64
		{8349546F-4024-4A9A-BECE-86BA47C1DE23}.Release|x86.ActiveCfg = Release|Win32
		{8349546F-4024-4A9A-BECE-86BA47C1DE23}.Release|x86.Build.0 = Release|Win32
		{7198741B-83E4-4F39-98FA-A37605C37710}.Debug|x64.ActiveCfg = Debug|x64
		{7198741B-83E4-4F39-98FA-A37605C37710}.Debug|x64.Build.0 = Debug|x64
		{7198741B-83E4-4F39-98FA-A37605C37710}.Debug|x86.ActiveCfg = Debug|Win32
		{7198741B-83E4-4F39-98FA-A37605C37710}.Debug|x86.Build.0 = Debug|Win32
		{7198741B-83E4-4F39-98FA-A37605C37710}.Release|x64.ActiveCfg = Release|x64
		{7198741B-83E4-4F39-98FA-A37605C37710}.Release|x64.Build.0 = Release|x64
		{7198741B-83E4-4F39-98FA-A37605C37710}.Release|x86.ActiveCfg = Release|Win32
		{7198741B-83E4-4F39-98FA-A37605C37710}.Release|x86.Build.0 = Release|Win32
		{95E52603-D7AD-4994-90DB-6315C6AB7795}.Debug|x64.ActiveCfg = Debug|x64
		{95E52603-D7AD-4994-90DB-6315C6AB7795}.Debug|x64.Build.0 = Debug|x64
		{95E52603-D7AD-4994-90DB-6315C6AB7795}.Debug|x86.ActiveCfg = Debug|Win32
		{95E52603-D7AD-4994-90DB-6315C6AB7795}.Debug|x86.Build.0 = Debug|Win32
		{95E52603-D7AD-4994-90DB-6315C6AB7795}.Release|x64.ActiveCfg = Release|x64
		{95E52603-D7AD-4994-90DB-6315C6AB7795}.Release|x64.Build.0 = Release|x64
		{95E52603-D7AD-4994-90DB-6315C6AB7795}.Release|x86.ActiveCfg = Release|Win32
		{95E52603-D7AD-4994-90DB-6315C6AB7795}.Release|x86.Build.0 = Release|Win32
		{A2F37EFE-9040-44A7-842B-03C0FAE9B31F}.Debug|x64.ActiveCfg = Debug|x64
		{A2F37EFE-9040-44A7-842B-03C0FAE9B31F}.Debug|x64.Build.0 = Debug|x64
		{A2F37EFE-9040-44A7-842B-03C0FAE9B31F}.Debug|x86.ActiveCfg = Debug|Win32
		{A2F37EFE-9040-44A7-842B-03C0FAE9B31F}.Debug|x86.Build.0 = Debug|Win32
		{A2F37EFE-9040-44A7-842B-03C0FAE9B31F}.Release|x64.ActiveCfg = Release|x64
		{A2F37EFE-9040-44A7-842B-03C0FAE9B31F}.Release|x64.Build.0 = Release|x64
		{A2F37EFE-9040-44A7-842B-03C0FAE9B31F}.Release|x86.ActiveCfg = Release|Win32
		{A2F37EFE-9040-44A7-842B-03C0FAE9B31F}.Release|x86.Build.0 = Release|Win32
		{403E26E2-48D2-4DB3-B0AF-86E736FC7A16}.Debug|x64.ActiveCfg = Debug|x64
		{403E26E2-48D2-4DB3-B0AF-86E736FC7A16}.Debug|x64.Build.0 = Debug|x64
		{403E26E2-48D2-4DB3-B0AF-86E736FC7A16}.Debug|x86.ActiveCfg = Debug|Win32
		{403E26E2-48D2-4DB3-B0AF-86E736FC7A16}.Debug|x86.Build.0 = Debug|Win32
		{403E26E2-48D2-4DB3-B0AF-86E736FC7A16}.Release|x64.ActiveCfg = Release|x64
		{403E26E2-48D2-4DB3-B0AF-86E736FC7A16}.Release|x64.Build.0 = Release|x64
		{403E26E2-48D2-4DB3-B0AF-86E736FC7A16}.Release|x86.ActiveCfg = Release|Win32
		{403E26E2-48D2-4DB3-B0AF-86E736FC7A16}.Release|x86.Build.0 = Release|Win32
		{79E3F76C-43F6-4D27-BE68-31C1E7D323D8}.Debug|x64.ActiveCfg = Debug|x64
		{79E3F76C-43F6-4D27-BE68-31C1E7D323D8}.Debug|x64.Build.0 = Debug|x64
		{79E3F76C-43F6-4D27-BE68-31C1E7D323D8}.Debug|x86.ActiveCfg = Debug|Win32
		{79E3F76C-43F6-4D27-BE68-31C1E7D323D8}.Debug|x86.Build.0 = Debug|Win32
		{79E3F76C-43F6-4D27-BE68-31C1E7D323D8}.Release|x64.ActiveCfg = Release|x64
		{79E3F76C-43F6-4D27-BE68-31C1E7D323D8}.Release|x64.Build.0 = Release|x64
		{79E3F76C-43F6-4D27-BE68-31C1E7D323D8}.Release|x86.ActiveCfg = Release|Win32
		{79E3F76C-43F6-4D27-BE68-31C1E7D323D8}.Release|x86.Build.0 = Release|Win32
		{99C9E370-C225-44FB-A962-4BD4990685FD}.Debug|x64.ActiveCfg = Debug|x64
		{99C9E370-C225-44FB-A962-4BD4990685FD}.Debug|x64.Build.0 = Debug|x64
		{99C9E370-C225-44FB-A962-4BD4990685FD}.Debug|x86.ActiveCfg = Debug|Win32
		{99C9E370-C225-44FB-A962-4BD4990685FD}.Debug|x86.Build.0 = Debug|Win32
		{99C9E370-C225-44FB-A962-4BD4990685FD}.Release|x64.ActiveCfg = Release|x64
		{99C9E370-C225-44FB-A962-4BD4990685FD}.Release|x64.Build.0 = Release|x64
		{99C9E370-C225-44FB-A962-4BD4990685FD}.Release|x86.ActiveCfg = Release|Win32
		{99C9E370-C225-44FB-A962-4BD4990685FD}.Release|x86.Build.0 = Release|Win32
		{B48C72DA-49ED-4896-9740-32F12520B6F3}.Debug|x64.ActiveCfg = Debug|x64
		{B48C72DA-49ED-4896-9740-32F12520B6F3}.Debug|x64.Build.0 = Debug|x64
		{B48C72DA-49ED-4896-9740-32F12520B6F3}.Debug|x86.ActiveCfg = Debug|Win32
		{B48C72DA-49ED-4896-9740-32F12520B6F3}.Debug|x86.Build.0 = Debug|Win32
		{B48C72DA-49ED-4896-9740-32F12520B6F3}.Release|x64.ActiveCfg = Release|x64
		{B48C72DA-49ED-4896-9740-32F12520B6F3}.Release|x64.Build.0 = Release|x64
		{B48C72DA-49ED-4896-9740-32F12520B6F3}.Release|x86.ActiveCfg = Release|Win32
		{B48C72DA-49ED-4896-9740-32F12520B6F3}.Release|x86.Build.0 = Release|Win32
		{90A5563B-4772-46BF-B456-A14CFBC63928}.Debug|x64.ActiveCfg = Debug|x64
		{90A5563B-4772-46BF-B456-A14CFBC63928}.Debug|x64.Build.0 = Debug|x64
		{90A5563B-4772-46BF-B456-A14CFBC63928}.Debug|x86.ActiveCfg = Debug|Win32
		{90A5563B-4772-46BF-B456-A14CFBC63928}.Debug|x86.Build.0 = Debug|Win32
		{90A5563B-4772-46BF-B456-A14CFBC63928}.Release|x64.ActiveCfg = Release|x64
		{90A5563B-4772-46BF-B456-A14CFBC63928}.Release|x64.Build.0 = Release|x64
		{90A5563B-4772-46BF-B456-A14CFBC63928}.Release|x86.ActiveCfg = Release|Win32
		{90A5563B-4772-46BF-B456-A14CFBC63928}.Release|x86.Build.0 = Release|Win32
		{92EEDB50-CF67-4154-8900-32786433D00A}.Debug|x64.ActiveCfg = Debug|x64
		{92EEDB50-CF67-4154-8900-32786433D00A}.Debug|x64.Build.0 = Debug|x64
		{92EEDB50-CF67-4154-8900-32786433D00A}.Debug|x86.ActiveCfg = Debug|Win32
		{92EEDB50-CF67-4154-8900-32786433D00A}.Debug|x86.Build.0 = Debug|Win32
		{92EEDB50-CF67-4154-8900-32786433D00A}.Release|x64.ActiveCfg = Release|x64
		{92EEDB50-CF67-4154-8900-32786433D00A}.Release|x64.Build.0 = Release|x64
		{92EEDB50-CF67-4154-8900-32786433D00A}.Release|x86.ActiveCfg = Release|Win32
		{92EEDB50-CF67-4154-8900-32786433D00A}.Release|x86.Build.0 = Release|Win32
		{D8DB575D-BFC2-40F5-B81E-591B551D012B}.Debug|x64.ActiveCfg = Debug|x64
		{D8DB575D-BFC2-40F5-B81E-591B551D012B}.Debug|x64.Build.0 = Debug|x64
		{D8DB575D-BFC2-40F5-B81E-591B551D012B}.Debug|x86.ActiveCfg = Debug|Win32
		{D8DB575D-BFC2-40F5-B81E-591B551D012B}.Debug|x86.Build.0 = Debug|Win32
		{D8DB575D-BFC2-40F5-B81E-591B551D012B}.Release|x64.ActiveCfg = Release|x64
		{D8DB575D-BFC2-40F5-B81E-591B551D012B}.Release|x64.Build.0 = Release|x64
		{D8DB575D-BFC2-40F5-B81E-591B551D012B}.Release|x86.ActiveCfg = Release|Win32
		{D8DB575D-BFC2-40F5-B81E-591B551D012B}.Release|x86.Build.0 = Release|Win32
		{57C891E1-51C9-40FA-B552-4E29D1324312}.Debug|x64.ActiveCfg = Debug|x64
		{57C891E1-51C9-40FA-B552-4E29D1324312}.Debug|x64.Build.0 = Debug|x64
		{57C891E1-51C9-40FA-B552-4E29D1324312}.Debug|x86.ActiveCfg = Debug|Win32
		{57C891E1-51C9-40FA-B552-4E29D1324312}.Debug|x86.Build.0 = Debug|Win32
		{57C891E1-51C9-40FA-B552-4E29D1324312}.Release|x64.ActiveCfg = Release|x64
		{57C891E1-51C9-40FA-B552-4E29D1324312}.Release|x64.Build.0 = Release|x64
		{57C891E1-51C9-40FA-B552-4E29D1324312}.Release|x86.ActiveCfg = Release|Win32
		{57C891E1-51C9-40FA-B552-4E29D1324312}.Release|x86.Build.0 = Release|Win32
		{D49E77ED-C1D3-4F24-B143-475DE6B78AFD}.Debug|x64.ActiveCfg = Debug|x64
		{D49E77ED-C1D3-4F24-B143-475DE6B78AFD}.Debug|x64.Build.0 = Debug|x64
		{D49E77ED-C1D3-4F24-B143-475DE6B78AFD}.Debug|x86.ActiveCfg = Debug|Win32
		{D49E77ED-C1D3-4F24-B143-475DE6B78AFD}.Debug|x86.Build.0 = Debug|Win32
		{D49E77ED-C1D3-4F24-B143-475DE6B78AFD}.Release|x64.ActiveCfg = Release|x64
		{D49E77ED-C1D3-4F24-B143-475DE6B78AFD}.Release|x64.Build.0 = Release|x64
		{D49E77ED-C1D3-4F24-B143-475DE6B78AFD}.Release|x86.ActiveCfg = Release|Win32
		{D49E77ED-C1D3-4F24-B143-475DE6B78AFD}.Release|x86.Build.0 = Release|Win32
		{39047D6C-CDAD-4C23-A9FA-7E642F94EADE}.Debug|x64.ActiveCfg = Debug|x64
		{39047D6C-CDAD-4C23-A9FA-7E642F94EADE}.Debug|x64.Build.0 = Debug|x64
		{39047D6C-CDAD-4C23-A9FA-7E642F94EADE}.Debug|x86.ActiveCfg = Debug|Win32
		{39047D6C-CDAD-4C23-A9FA-7E642F94EADE}.Debug|x86.Build.0 = Debug|Win32
		{39047D6C-CDAD-4C23-A9FA-7E642F94EADE}.Release|x64.ActiveCfg = Release|x64
		{39047D6C-CDAD-4C23-A9FA-7E642F94EADE}.Release|x64.Build.0 = Release|x64
		{39047D6C-CDAD-4C23-A9FA-7E642F94EADE}.Release|x86.ActiveCfg = Release|Win32
		{39047D6C-CDAD-4C23-A9FA-7E642F94EADE}.Release|x86.Build.0 = Release|Win32
		{4548266B-18D9-4D41-97A8-7EFBFABC3B3B}.Debug|x64.ActiveCfg = Debug|x64
		{4548266B-18D9-4D41-97A8-7EFBFABC3B3B}.Debug|x64.Build.0 = Debug|x64
		{4548266B-18D9-4D41-97A8-7EFBFABC3B3B}.Debug|x86.ActiveCfg = Debug|Win32
		{4548266B-18D9-4D41-97A8-7EFBFABC3B3B}.Debug|x86.Build.0 = Debug|Win32
		{4548266B-18D9-4D41-97A8-7EFBFABC3B3B}.Release|x64.ActiveCfg = Release|x64
		{4548266B-18D9-4D41-97A8-7EFBFABC3B3B}.Release|x64.Build.0 = Release|x64
		{4548266B-18D9-4D41-97A8-7EFBFABC3B3B}.Release|x86.ActiveCfg = Release|Win32
		{4548266B-18D9-4D41-97A8-7EFBFABC3B3B}.Release|x86.Build.0 = Release|Win32
		{61266709-4AC2-4B89-84EB-268E42DFF96E}.Debug|x64.ActiveCfg = Debug|x64
		{61266709-4AC2-4B89-84EB-268E42DFF96E}.Debug|x64.Build.0 = Debug|x64
		{61266709-4AC2-4B89-84EB-268E42DFF96E}.Debug|x86.ActiveCfg = Debug|Win32
		{61266709-4AC2-4B89-84EB-268E42DFF96E}.Debug|x86.Build.0 = Debug|Win32
		{61266709-4AC2-4B89-84EB-268E42DFF96E}.Release|x64.ActiveCfg = Release|x64
		{61266709-4AC2-4B89-84EB-268E42DFF96E}.Release|x64.Build.0 = Release|x64
		{61266709-4AC2-4B89-84EB-268E42DFF96E}.Release|x86.ActiveCfg = Release|Win32
		{61266709-4AC2-4B89-84EB-268E42DFF96E}.Release|x86.Build.0 = Release|Win32
		{F2BE2B95-9120-4255-A3E3-A1BD93381884}.Debug|x64.ActiveCfg = Debug|x64
		{F2BE2B95-9120-4255-A3E3-A1BD93381884}.Debug|x64.Build.0 = Debug|x64
		{F2BE2B95-9120-4255-A3E3-A1BD93381884}.Debug|x86.ActiveCfg = Debug|Win32
		{F2BE2B95-9120-4255-A3E3-A1BD93381884}.Debug|x86.Build.0 = Debug|Win32
		{F2BE2B95-9120-4255-A3E3-A1BD93381884}.Release|x64.ActiveCfg = Release|x64
		{F2BE2B95-9120-4255-A3E3-A1BD93381884}.Release|x64.Build.0 = Release|x64
		{F2BE2B95-9120-4255-A3E3-A1BD93381884}.Release|x86.ActiveCfg = Release|Win32
		{F2BE2B95-9120-4255-A3E3-A1BD93381884}.Release|x86.Build.0 = Release|Win32
		{8D36A714-AD82-4AA8-BA81-2AC52B90E1B5}.Debug|x64.ActiveCfg = Debug|x64
		{8D36A714-AD82-4AA8-BA81-2AC52B90E1B5}.Debug|x64.Build.0 = Debug|x64
		{8D36A714-AD82-4AA8-BA81-2AC52B90E1B5}.Debug|x86.ActiveCfg = Debug|Win32
		{8D36A714-AD82-4AA8-BA81-2AC52B90E1B5}.Debug|x86.Build.0 = Debug|Win32
		{8D36A714-AD82-4AA8-BA81-2AC52B90E1B5}.Release|x64.ActiveCfg = Release|x64
		{8D36A714-AD82-4AA8-BA81-2AC52B90E1B5}.Release|x64.Build.0 = Release|x64
		{8D36A714-AD82-4AA8-BA81-2AC52B90E1B5}.Release|x86.ActiveCfg = Release|Win32
		{8D36A714-AD82-4AA8-BA81-2AC52B90E1B5}.Release|x86.Build.0 = Release|Win32
		{D4F31829-ECE1-4767-99C7-1F5D26AEF730}.Debug|x64.ActiveCfg = Debug|x64
		{D4F31829-ECE1-4767-99C7-1F5D26AEF730}.Debug|x64.Build.0 = Debug|x64
		{D4F31829-ECE1-4767-99C7-1F5D26AEF730}.Debug|x86.ActiveCfg = Debug|Win32
		{D4F31829-ECE1-4767-99C7-1F5D26AEF730}.Debug|x86.Build.0 = Debug|Win32
		{D4F31829-ECE1-4767-99C7-1F5D26AEF730}.Release|x64.ActiveCfg = Release|x64
		{D4F31829-ECE1-4767-99C7-1F5D26AEF730}.Release|x64.Build.0 = Release|x64
		{D4F31829-ECE1-4767-99C7-1F5D26AEF730}.Release|x86.ActiveCfg = Release|Win32
		{D4F31829-ECE1-4767-99C7-1F5D26AEF730}.Release|x86.Build.0 = Release|Win32
		{F36ADACC-B4BC-47D0-8EA9-2BA3475F3AC7}.Debug|x64.ActiveCfg = Debug|x64
		{F36ADACC-B4BC-47D0-8EA9-2BA3475F3AC7}.Debug|x64.Build.0 = Debug|x64
		{F36ADACC-B4BC-47D0-8EA9-2BA3475F3AC7}.Debug|x86.ActiveCfg = Debug|Win32
		{F36ADACC-B4BC-47D0-8EA9-2BA3475F3AC7}.Debug|x86.Build.0 = Debug|Win32
		{F36ADACC-B4BC-47D0-8EA9-2BA3475F3AC7}.Release|x64.ActiveCfg = Release|x64
		{F36ADACC-B4BC-47D0-8EA9-2BA3475F3AC7}.Release|x64.Build.0 = Release|x64
		{F36ADACC-B4BC-47D0-8EA9-2BA3475F3AC7}.Release|x86.ActiveCfg = Release|Win32
		{F36ADACC-B4BC-47D0-8EA9-2BA3475F3AC7}.Release|x86.Build.0 = Release|Win32
		{E95BAE3F-681F-4D82-99A1-344A9416D99C}.Debug|x64.ActiveCfg = Debug|x64
		{E95BAE3F-681F-4D82-99A1-344A9416D99C}.Debug|x64.Build.0 = Debug|x64
		{E95BAE3F-681F-4D82-99A1-344A9416D99C}.Debug|x86.ActiveCfg = Debug|Win32
		{E95BAE3F-681F-4D82-99A1-344A9416D99C}.Debug|x86.Build.0 = Debug|Win32
		{E95BAE3F-681F-4D82-99A1-344A9416D99C}.Release|x64.ActiveCfg = Release|x64
		{E95BAE3F-681F-4D82-99A1-344A9416D99C}.Release|x64.Build.0 = Release|x64
		{E95BAE3F-681F-4D82-99A1-344A9416D99C}.Release|x86.ActiveCfg = Release|Win32
		{E95BAE3F-681F-4D82-99A1-344A9416D99C}.Release|x86.Build.0 = Release|Win32
		{87F7EAEB-A839-4AAC-97B7-B662BAB27588}.Debug|x64.ActiveCfg = Debug|x64
		{87F7EAEB-A839-4AAC-97B7-B662BAB27588}.Debug|x64.Build.0 = Debug|x64
		{87F7EAEB-A839-4AAC-97B7-B662BAB27588}.Debug|x86.ActiveCfg = Debug|Win32
		{87F7EAEB-A839-4AAC-97B7-B662BAB27588}.Debug|x86.Build.0 = Debug|Win32
		{87F7EAEB-A839-4AAC-97B7-B662BAB27588}.Release|x64.ActiveCfg = Release|x64
		{87F7EAEB-A839-4AAC-97B7-B662BAB27588}.Release|x64.Build.0 = Release|x64
		{87F7EAEB-A839-4AAC-97B7-B662BAB27588}.Release|x86.ActiveCfg = Release|Win32
		{87F7EAEB-A839-4AAC-97B7-B662BAB27588}.Release|x86.Build.0 = Release|Win32
		{2807F017-ED16-4DD0-8FC3-340B945BCEAB}.Debug|x64.ActiveCfg = Debug|x64
		{2807F017-ED16-4DD0-8FC3-340B945BCEAB}.Debug|x64.Build.0 = Debug|x64
		{2807F017-ED16-4DD0-8FC3-340B945BCEAB}.Debug|x86.ActiveCfg = Debug|Win32
		{2807F017-ED16-4DD0-8FC3-340B945BCEAB}.Debug|x86.Build.0 = Debug|Win32
		{2807F017-ED16-4DD0-8FC3-340B945BCEAB}.Release|x64.ActiveCfg = Release|x64
		{2807F017-ED16-4DD0-8FC3-340B945BCEAB}.Release|x64.Build.0 = Release|x64
		{2807F017-ED16-4DD0-8FC3-340B945BCEAB}.Release|x86.ActiveCfg = Release|Win32
		{2807F017-ED16-4DD0-8FC3-340B945BCEAB}.Release|x86.Build.0 = Release|Win32
		{DC6027A5-6C98-4B20-AC6E-A73E8B0C7320}.Debug|x64.ActiveCfg = Debug|x64
		{DC6027A5-6C98-4B20-AC6E-A73E8B0C7320}.Debug|x64.Build.0 = Debug|x64
		{DC6027A5-6C98-4B20-AC6E-A73E8B0C7320}.Debug|x86.ActiveCfg = Debug|Win32
		{DC6027A5-6C98-4B20-AC6E-A73E8B0C7320}.Debug|x86.Build.0 = Debug|Win32
		{DC6027A5-6C98-4B20-AC6E-A73E8B0C7320}.Release|x64.ActiveCfg = Release|x64
		{DC6027A5-6C98-4B20-AC6E-A73E8B0C7320}.Release|x64.Build.0 = Release|x64
		{DC6027A5-6C98-4B20-AC6E-A73E8B0C7320}.Release|x86.ActiveCfg = Release|Win32
		{DC6027A5-6C98-4B20-AC6E-A73E8B0C7320}.Release|x86.Build.0 = Release|Win32
		{A7F7E658-CA34-423F-8490-8168E39CBFBD}.Debug|x64.ActiveCfg = Debug|x64
		{A7F7E658-CA34-423F-8490-8168E39CBFBD}.Debug|x64.Build.0 = Debug|x64
		{A7F7E658-CA34-423F-8490-8168E39CBFBD}.Debug|x86.ActiveCfg = Debug|Win32
		{A7F7E658-CA34-423F-8490-8168E39CBFBD}.Debug|x86.Build.0 = Debug|Win32
		{A7F7E658-CA34-423F-8490-8168E39CBFBD}.Release|x64.ActiveCfg = Release|x64
		{A7F7E658-CA34-423F-8490-8168E39CBFBD}.Release|x64.Build.0 = Release|x64
		{A7F7E658-CA34-423F-8490-8168E39CBFBD}.Release|x86.ActiveCfg = Release|Win32
		{A7F7E658-CA34-423F-8490-8168E39CBFBD}.Release|x86.Build.0 = Release|Win32
		{0EC19DC7-63E1-46CB-BB7C-3210F155DE97}.Debug|x64.ActiveCfg = Debug|x64
		{0EC19DC7-63E1-46CB-BB7C-3210F155DE97}.Debug|x64.Build.0 = Debug|x64
		{0EC19DC7-63E1-46CB-BB7C-3210F155DE97}.Debug|x86.ActiveCfg = Debug|Win32
		{0EC19DC7-63E1-46CB-BB7C-3210F155DE97}.Debug|x86.Build.0 = Debug|Win32
		{0EC19DC7-63E1-46CB-BB7C-3210F155DE97}.Release|x64.ActiveCfg = Release|x64
		{0EC19DC7-63E1-46CB-BB7C-3210F155DE97}.Release|x64.Build.0 = Release|x64
		{0EC19DC7-63E1-46CB-BB7C-3210F155DE97}.Release|x86.ActiveCfg = Release|Win32
		{0EC19DC7-63E1-46CB-BB7C-3210F155DE97}.Release|x86.Build.0 = Release|Win32
		{3613EC33-1CB1-4D3F-84DB-0775FEF5C852}.Debug|x64.ActiveCfg = Debug|x64
		{3613EC33-1CB1-4D3F-84DB-0775FEF5C852}.Debug|x64.Build.0 = Debug|x64
		{3613EC33-1CB1-4D3F-84DB-0775FEF5C852}.Debug|x86.ActiveCfg = Debug|Win32
		{3613EC33-1CB1-4D3F-84DB-0775FEF5C852}.Debug|x86.Build.0 = Debug|Win32
		{3613EC33-1CB1-4D3F-84DB-0775FEF5C852}.Release|x64.ActiveCfg = Release|x64
		{3613EC33-1CB1-4D3F-84DB-0775FEF5C852}.Release|x64.Build.0 = Release|x64
		{3613EC33-1CB1-4D3F-84DB-0775FEF5C852}.Release|x86.ActiveCfg = Release|Win32
		{3613EC33-1CB1-4D3F-84DB-0775FEF5C852}.Release|x86.Build.0 = Release|Win32
		{08216D9E-CD65-492C-9F32-72A00B92AE33}.Debug|x64.ActiveCfg = Debug|x64
		{08216D9E-CD65-492C-9F32-72A00B92AE33}.Debug|x64.Build.0 = Debug|x64
		{08216D9E-CD65-492C-9F32-72A00B92AE33}.Debug|x86.ActiveCfg = Debug|Win32
		{08216D9E-CD65-492C-9F32-72A00B92AE33}.Debug|x86.Build.0 = Debug|Win32
		{08216D9E-CD65-492C-9F32-72A00B92AE33}.Release|x64.ActiveCfg = Release|x64
		{08216D9E-CD65-492C-9F32-72A00B92AE33}.Release|x64.Build.0 = Release|x64
		{08216D9E-CD65-492C-9F32-72A00B92AE33}.Release|x86.ActiveCfg = Release|Win32
		{08216D9E-CD65-492C-9F32-72A00B92AE33}.Release|x86.Build.0 = Release|Win32
		{0F423785-5EAF-4A38-BC2F-3A8953998683}.Debug|x64.ActiveCfg = Debug|x64
		{0F423785-5EAF-4A38-BC2F-3A8953998683}.Debug|x64.Build.0 = Debug|x64
		{0F423785-5EAF-4A38-BC2F-3A8953998683}.Debug|x86.ActiveCfg = Debug|Win32
		{0F423785-5EAF-4A38-BC2F-3A8953998683}.Debug|x86.Build.0 = Debug|Win32
		{0F423785-5EAF-4A38-BC2F-3A8953998683}.Release|x64.ActiveCfg = Release|x64
		{0F423785-5EAF-4A38-BC2F-3A8953998683}.Release|x64.Build.0 = Release|x64
		{0F423785-5EAF-4A38-BC2F-3A8953998683}.Release|x86.ActiveCfg = Release|Win32
		{0F423785-5EAF-4A38-BC2F-3A8953998683}.Release|x86.Build.0 = Release|Win32
		{BA7E0ED3-4D3C-482C-8450-069F367078C4}.Debug|x64.ActiveCfg = Debug|x64
		{BA7E0ED3-4D3C-482C-8450-069F367078C4}.Debug|x64.Build.0 = Debug|x64
		{BA7E0ED3-4D3C-482C-8450-069F367078C4}.Debug|x86.ActiveCfg = Debug|Win32
		{BA7E0ED3-4D3C-482C-8450-069F367078C4}.Debug|x86.Build.0 = Debug|Win32
		{BA7E0ED3-4D3C-482C-8450-069F367078C4}.Release|x64.ActiveCfg = Release|x64
		{BA7E0ED3-4D3C-482C-8450-069F367078C4}.Release|x64.Build.0 = Release|x64
		{BA7E0ED3-4D3C-482C-8450-069F367078C4}.Release|x86.ActiveCfg = Release|Win32
		{BA7E0ED3-4D3C-482C-8450-069F367078C4}.Release|x86.Build.0 = Release|Win32
		{3920FAFF-5E81-4DC9-9605-9B41B045FFF0}.Debug|x64.ActiveCfg = Debug|x64
		{3920FAFF-5E81-4DC9-9605-9B41B045FFF0}.Debug|x64.Build.0 = Debug|x64
		{3920FAFF-5E81-4DC9-9605-9B41B045FFF0}.Debug|x86.ActiveCfg = Debug|Win32
		{3920FAFF-5E81-4DC9-9605-9B41B045FFF0}.Debug|x86.Build.0 = Debug|Win32
		{3920FAFF-5E81-4DC9-9605-9B41B045FFF0}.Release|x64.ActiveCfg = Release|x64
		{3920FAFF-5E81-4DC9-9605-9B41B045FFF0}.Release|x64.Build.0 = Release|x64
		{3920FAFF-5E81-4DC9-9605-9B41B045FFF0}.Release|x86.ActiveCfg = Release|Win32
		{3920FAFF-5E81-4DC9-9605-9B41B045FFF0}.Release|x86.Build.0 = Release|Win32
		{4C8938A1-F10F-4784-BDD0-FFBCF105D15D}.Debug|x64.ActiveCfg = Debug|x64
		{4C8938A1-F10F-4784-BDD0-FFBCF105D15D}.Debug|x64.Build.0 = Debug|x64
		{4C8938A1-F10F-4784-BDD0-FFBCF105D15D}.Debug|x86.ActiveCfg = Debug|Win32
		{4C8938A1-F10F-4784-BDD0-FFBCF105D15D}.Debug|x86.Build.0 = Debug|Win32
		{4C8938A1-F10F-4784-BDD0-FFBCF105D15D}.Release|x64.ActiveCfg = Release|x64
		{4C8938A1-F10F-4784-BDD0-FFBCF105D15D}.Release|x64.Build.0 = Release|x64
		{4C8938A1-F10F-4784-BDD0-FFBCF105D15D}.Release|x86.ActiveCfg = Release|Win32
		{4C8938A1-F10F-4784-BDD0-FFBCF105D15D}.Release|x86.Build.0 = Release|Win32
		{E9B78722-F378-40FB-8B2E-BCE1E78707B6}.Debug|x64.ActiveCfg = Debug|x64
		{E9B78722-F378-40FB-8B2E-BCE1E78707B6}.Debug|x64.Build.0 = Debug|x64
		{E9B78722-F378-40FB-8B2E-BCE1E78707B6}.Debug|x86.ActiveCfg = Debug|Win32
		{E9B78722-F378-40FB-8B2E-BCE1E78707B6}.Debug|x86.Build.0 = Debug|Win32
		{E9B78722-F378-40FB-8B2E-BCE1E78707B6}.Release|x64.ActiveCfg = Release|x64
		{E9B78722-F378-40FB-8B2E-BCE1E78707B6}.Release|x64.Build.0 = Release|x64
		{E9B78722-F378-40FB-8B2E-BCE1E78707B6}.Release|x86.ActiveCfg = Release|Win32
		{E9B78722-F378-40FB-8B2E-BCE1E78707B6}.Release|x86.Build.0 = Release|Win32
		{8D38EB80-D99D-4A98-BF9B-94E7A859F669}.Debug|x64.ActiveCfg = Debug|x64
		{8D38EB80-D99D-4A98-BF9B-94E7A859F669}.Debug|x64.Build.0 = Debug|x64
		{8D38EB80-D99D-4A98-BF9B-94E7A859F669}.Debug|x86.ActiveCfg = Debug|Win32
		{8D38EB80-D99D-4A98-BF9B-94E7A859F669}.Debug|x86.Build.0 = Debug|Win32
		{8D38EB80-D99D-4A98-BF9B-94E7A859F669}.Release|x64.ActiveCfg = Release|x64
		{8D38EB80-D99D-4A98-BF9B-94E7A859F669}.Release|x64.Build.0 = Release|x64
		{8D38EB80-D99D-4A98-BF9B-94E7A859F669}.Release|x86.ActiveCfg = Release|Win32
		{8D38EB80-D99D-4A98-BF9B-94E7A859F669}.Release|x86.Build.0 = Release|Win32
		{8A1CE7B3-9D03-45ED-BDDE-85CD13F73611}.Debug|x64.ActiveCfg = Debug|x64
		{8A1CE7B3-9D03-45ED-BDDE-85CD13F73611}.Debug|x64.Build.0 = Debug|x64
		{8A1CE7B3-9D03-45ED-BDDE-85CD13F73611}.Debug|x86.ActiveCfg = Debug|Win32
		{8A1CE7B3-9D03-45ED-BDDE-85CD13F73611}.Debug|x86.Build.0 = Debug|Win32
		{8A1CE7B3-9D03-45ED-BDDE-85CD13F73611}.Release|x64.ActiveCfg = Release|x64
		{8A1CE7B3-9D03-45ED-BDDE-85CD13F73611}.Release|x64.Build.0 = Release|x64
		{8A1CE7B3-9D03-45ED-BDDE-85CD13F73611}.Release|x86.ActiveCfg = Release|Win32
		{8A1CE7B3-9D03-45ED-BDDE-85CD13F73611}.Release|x86.Build.0 = Release|Win32
		{B0898AF3-F34E-46B7-9A44-0260101E877C}.Debug|x64.ActiveCfg = Debug|x64
		{B0898AF3-F34E-46B7-9A44-0260101E877C}.Debug|x64.Build.0 = Debug|x64
		{B0898AF3-F34E-46B7-9A44-0260101E877C}.Debug|x86.ActiveCfg = Debug|Win32
		{B0898AF3-F34E-46B7-9A44-0260101E877C}.Debug|x86.Build.0 = Debug|Win32
		{B0898AF3-F34E-46B7-9A44-0260101E877C}.Release|x64.ActiveCfg = Release|x64
		{B0898AF3-F34E-46B7-9A44-0260101E877C}.Release|x64.Build.0 = Release|x64
		{B0898AF3-F34E-46B7-9A44-0260101E877C}.Release|x86.ActiveCfg = Release|Win32
		{B0898AF3-F34E-46B7-9A44-0260101E877C}.Release|x86.Build.0 = Release|Win32
		{21DFBBF8-2F44-41CB-8BE6-EE115A203BF1}.Debug|x64.ActiveCfg = Debug|x64
		{21DFBBF8-2F44-41CB-8BE6-EE115A203BF1}.Debug|x64.Build.0 = Debug|x64
		{21DFBBF8-2F44-41CB-8BE6-EE115A203BF1}.Debug|x86.ActiveCfg = Debug|Win32
		{21DFBBF8-2F44-41CB-8BE6-EE115A203BF1}.Debug|x86.Build.0 = Debug|Win32
		{21DFBBF8-2F44-41CB-8BE6-EE115A203BF1}.Release|x64.ActiveCfg = Release|x64
		{21DFBBF8-2F44-41CB-8BE6-EE115A203BF1}.Release|x64.Build.0 = Release|x64
		{21DFBBF8-2F44-41CB-8BE6-EE115A203BF1}.Release|x86.ActiveCfg = Release|Win32
		{21DFBBF8-2F44-41CB-8BE6-EE115A203BF1}.Release|x86.Build.0 = Release|Win32
		{21137EB6-BF5B-4B09-B6C8-0C8F105624F5}.Debug|x64.ActiveCfg = Debug|x64
		{21137EB6-BF5B-4B09-B6C8-0C8F105624F5}.Debug|x64.Build.0 = Debug|x64
		{21137EB6-BF5B-4B09-B6C8-0C8F105624F5}.Debug|x86.ActiveCfg = Debug|Win32
		{21137EB6-BF5B-4B09-B6C8-0C8F105624F5}.Debug|x86.Build.0 = Debug|Win32
		{21137EB6-BF5B-4B09-B6C8-0C8F105624F5}.Release|x64.ActiveCfg = Release|x64
		{21137EB6-BF5B-4B09-B6C8-0C8F105624F5}.Release|x64.Build.0 = Release|x64
		{21137EB6-BF5B-4B09-B6C8-0C8F105624F5}.Release|x86.ActiveCfg = Release|Win32
		{21137EB6-BF5B-4B09-B6C8-0C8F105624F5}.Release|x86.Build.0 = Release|Win32
		{41B9D599-E961-4A3A-AC77-3F983CA2B643}.Debug|x64.ActiveCfg = Debug|x64
		{41B9D599-E961-4A3A-AC77-3F983CA2B643}.Debug|x64.Build.0 = Debug|x64
		{41B9D599-E961-4A3A-AC77-3F983CA2B643}.Debug|x86.ActiveCfg = Debug|Win32
		{41B9D599-E961-4A3A-AC77-3F983CA2B643}.Debug|x86.Build.0 = Debug|Win32
		{41B9D599-E961-4A3A-AC77-3F983CA2B643}.Release|x64.ActiveCfg = Release|x64
		{41B9D599-E961-4A3A-AC77-3F983CA2B643}.Release|x64.Build.0 = Release|x64
		{41B9D599-E961-4A3A-AC77-3F983CA2B643}.Release|x86.ActiveCfg = Release|Win32
		{41B9D599-E961-4A3A-AC77-3F983CA2B643}.Release|x86.Build.0 = Release|Win32
		{89D66389-99FF-48B2-B185-5029300C78BD}.Debug|x64.ActiveCfg = Debug|x64
		{89D66389-99FF-48B2-B185-5029300C78BD}.Debug|x64.Build.0 = Debug|x64
		{89D66389-99FF-48B2-B185-5029300C78BD}.Debug|x86.ActiveCfg = Debug|Win32
		{89D66389-99FF-48B2-B185-5029300C78BD}.Debug|x86.Build.0 = Debug|Win32
		{89D66389-99FF-48B2-B185-5029300C78BD}.Release|x64.ActiveCfg = Release|x64
		{89D66389-99FF-48B2-B185-5029300C78BD}.Release|x64.Build.0 = Release|x64
		{89D66389-99FF-48B2-B185-5029300C78BD}.Release|x86.ActiveCfg = Release|Win32
		{89D66389-99FF-48B2-B185-5029300C78BD}.Release|x86.Build.0 = Release|Win32
		{50AD2DD5-5420-4288-90A6-C970D94CB57D}.Debug|x64.ActiveCfg = Debug|x64
		{50AD2DD5-5420-4288-90A6-C970D94CB57D}.Debug|x64.Build.0 = Debug|x64
		{50AD2DD5-5420-4288-90A6-C970D94CB57D}.Debug|x86.ActiveCfg = Debug|Win32
		{50AD2DD5-5420-4288-90A6-C970D94CB57D}.Debug|x86.Build.0 = Debug|Win32
		{50AD2DD5-5420-4288-90A6-C970D94CB57D}.Release|x64.ActiveCfg = Release|x64
		{50AD2DD5-5420-4288-90A6-C970D94CB57D}.Release|x64.Build.0 = Release|x64
		{50AD2DD5-5420-4288-90A6-C970D94CB57D}.Release|x86.ActiveCfg = Release|Win32
		{50AD2DD5-5420-4288-90A6-C970D94CB57D}.Release|x86.Build.0 = Release|Win32
		{3FFE8DE0-D721-428D-85A6-51B7817FD7C4}.Debug|x64.ActiveCfg = Debug|x64
		{3FFE8DE0-D721-428D-85A6-51B7817FD7C4}.Debug|x64.Build.0 = Debug|x64
		{3FFE8DE0-D721-428D-85A6-51B7817FD7C4}.Debug|x86.ActiveCfg = Debug|Win32
		{3FFE8DE0-D721-428D-85A6-51B7817FD7C4}.Debug|x86.Build.0 = Debug|Win32
		{3FFE8DE0-D721-428D-85A6-51B7817FD7C4}.Release|x64.ActiveCfg = Release|x64
		{3FFE8DE0-D721-428D-85A6-51B7817FD7C4}.Release|x64.Build.0 = Release|x64
		{3FFE8DE0-D721-428D-85A6-51B7817FD7C4}.Release|x86.ActiveCfg = Release|Win32
		{3FFE8DE0-D721-428D-85A6-51B7817FD7C4}.Release|x86.Build.0 = Release|Win32
		{B37E62CF-2824-435E-8024-16219EB9DBAF}.Debug|x64.ActiveCfg = Debug|x64
		{B37E62CF-2824-435E-8024-16219EB9DBAF}.Debug|x64.Build.0 = Debug|x64
		{B37E62CF-2824-435E-8024-16219EB9DBAF}.Debug|x86.ActiveCfg = Debug|Win32
		{B37E62CF-2824-435E-8024-16219EB9DBAF}.Debug|x86.Build.0 = Debug|Win32
		{B37E62CF-2824-435E-8024-16219EB9DBAF}.Release|x64.ActiveCfg = Release|x64
		{B37E62CF-2824-435E-8024-16219EB9DBAF}.Release|x64.Build.0 = Release|x64
		{B37E62CF-2824-435E-8024-16219EB9DBAF}.Release|x86.ActiveCfg = Release|Win32
		{B37E62CF-2824-435E-8024-16219EB9DBAF}.Release|x86.Build.0 = Release|Win32
		{5A42D455-F680-497D-9E49-4A1EA0C39613}.Debug|x64.ActiveCfg = Debug|x64
		{5A42D455-F680-497D-9E49-4A1EA0C39613}.Debug|x64.Build.0 = Debug|x64
		{5A42D455-F680-497D-9E49-4A1EA0C39613}.Debug|x86.ActiveCfg = Debug|Win32
		{5A42D455-F680-497D-9E49-4A1EA0C39613}.Debug|x86.Build.0 = Debug|Win32
		{5A42D455-F680-497D-9E49-4A1EA0C39613}.Release|x64.ActiveCfg = Release|x64
		{5A42D455-F680-497D-9E49-4A1EA0C39613}.Release|x64.Build.0 = Release|x64
		{5A42D455-F680-497D-9E49-4A1EA0C39613}.Release|x86.ActiveCfg = Release|Win32
		{5A42D455-F680-497D-9E49-4A1EA0C39613}.Release|x86.Build.0 = Release|Win32
		{040A99A6-6909-4B87-B8B1-3DFEC848DF6F}.Debug|x64.ActiveCfg = Debug|x64
		{040A99A6-6909-4B87-B8B1-3DFEC848DF6F}.Debug|x64.Build.0 = Debug|x64
		{040A99A6-6909-4B87-B8B1-3DFEC848DF6F}.Debug|x86.ActiveCfg = Debug|Win32
		{040A99A6-6909-4B87-B8B1-3DFEC848DF6F}.Debug|x86.Build.0 = Debug|Win32
		{040A99A6-6909-4B87-B8B1-3DFEC848DF6F}.Release|x64.ActiveCfg = Release|x64
		{040A99A6-6909-4B87-B8B1-3DFEC848DF6F}.Release|x64.Build.0 = Release|x64
		{040A99A6-6909-4B87-B8B1-3DFEC848DF6F}.Release|x86.ActiveCfg = Release|Win32
		{040A99A6-6909-4B87-B8B1-3DFEC848DF6F}.Release|x86.Build.0 = Release|Win32
		{1EB4FFC2-21BE-434F-8812-5804E2166429}.Debug|x64.ActiveCfg = Debug|x64
		{1EB4FFC2-21BE-434F-8812-5804E2166429}.Debug|x64.Build.0 = Debug|x64
		{1EB4FFC2-21BE-434F-8812-5804E2166429}.Debug|x86.ActiveCfg = Debug|Win32
		{1EB4FFC2-21BE-434F-8812-5804E2166429}.Debug|x86.Build.0 = Debug|Win32
		{1EB4FFC2-21BE-434F-8812-5804E2166429}.Release|x64.ActiveCfg = Release|x64
		{1EB4FFC2-21BE-434F-8812-5804E2166429}.Release|x64.Build.0 = Release|x64
		{1EB4FFC2-21BE-434F-8812-5804E2166429}.Release|x86.ActiveCfg = Release|Win32
		{1EB4FFC2-21BE-434F-8812-5804E2166429}.Release|x86.Build.0 = Release|Win32
		{74E2DFF6-AE92-42EA-A44C-8A300E672A42}.Debug|x64.ActiveCfg = Debug|x64
		{74E2DFF6-AE92-42EA-A44C-8A300E672A42}.Debug|x64.Build.0 = Debug|x64
		{74E2DFF6-AE92-42EA-A44C-8A300E672A42}.Debug|x86.ActiveCfg = Debug|Win32
		{74E2DFF6-AE92-42EA-A44C-8A300E672A42}.Debug|x86.Build.0 = Debug|Win32
		{74E2DFF6-AE92-42EA-A44C-8A300E672A42}.Release|x64.ActiveCfg = Release|x64
		{74E2DFF6-AE92-42EA-A44C-8A300E672A42}.Release|x64.Build.0 = Release|x64
		{74E2DFF6-AE92-42EA-A44C-8A300E672A42}.Release|x86.ActiveCfg = Release|Win32
		{74E2DFF6-AE92-42EA-A44C-8A300E672A42}.Release|x86.Build.0 = Release|Win32
		{60344466-A98B-4DD6-BE0D-436149809478}.Debug|x64.ActiveCfg = Debug|x64
		{60344466-A98B-4DD6-BE0D-436149809478}.Debug|x64.Build.0 = Debug|x64
		{60344466-A98B-4DD6-BE0D-436149809478}.Debug|x86.ActiveCfg = Debug|Win32
		{60344466-A98B-4DD6-BE0D-436149809478}.Debug|x86.Build.0 = Debug|Win32
		{60344466-A98B-4DD6-BE0D-436149809478}.Release|x64.ActiveCfg = Release|x64
		{60344466-A98B-4DD6-BE0D-436149809478}.Release|x64.Build.0 = Release|x64
		{60344466-A98B-4DD6-BE0D-436149809478}.Release|x86.ActiveCfg = Release|Win32
		{60344466-A98B-4DD6-BE0D-436149809478}.Release|x86.Build.0 = Release|Win32
		{06B2DE58-4519-4969-8AF1-2F9DC70F0BCC}.Debug|x64.ActiveCfg = Debug|x64
		{06B2DE58-4519-4969-8AF1-2F9DC70F0BCC}.Debug|x64.Build.0 = Debug|x64
		{06B2DE58-4519-4969-8AF1-2F9DC70F0BCC}.Debug|x86.ActiveCfg = Debug|Win32
		{06B2DE58-4519-4969-8AF1-2F9DC70F0BCC}.Debug|x86.Build.0 = Debug|Win32
		{06B2DE58-4519-4969-8AF1-2F9DC70F0BCC}.Release|x64.ActiveCfg = Release|x64
		{06B2DE58-4519-4969-8AF1-2F9DC70F0BCC}.Release|x64.Build.0 = Release|x64
		{06B2DE58-4519-4969-8AF1-2F9DC70F0BCC}.Release|x86.ActiveCfg = Release|Win32
		{06B2DE58-4519-4969-8AF1-2F9DC70F0BCC}.Release|x86.Build.0 = Release|Win32
		{2DDA44B9-F263-49B1-837D-B1BB3BF1BEA1}.Debug|x64.ActiveCfg = Debug|x64
		{2DDA44B9-F263-49B1-837D-B1BB3BF1BEA1}.Debug|x64.Build.0 = Debug|x64
		{2DDA44B9-F263-49B1-837D-B1BB3BF1BEA1}.Debug|x86.ActiveCfg = Debug|Win32
		{2DDA44B9-F263-49B1-837D-B1BB3BF1BEA1}.Debug|x86.Build.0 = Debug|Win32
		{2DDA44B9-F263-49B1-837D-B1BB3BF1BEA1}.Release|x64.ActiveCfg = Release|x64
		{2DDA44B9-F263-49B1-837D-B1BB3BF1BEA1}.Release|x64.Build.0 = Release|x64
		{2DDA44B9-F263-49B1-837D-B1BB3BF1BEA1}.Release|x86.ActiveCfg = Release|Win32
		{2DDA44B9-F263-49B1-837D-B1BB3BF1BEA1}.Release|x86.Build.0 = Release|Win32
		{11C90232-F800-4D6D-97E6-9AE979894E37}.Debug|x64.ActiveCfg = Debug|x64
		{11C90232-F800-4D6D-97E6-9AE979894E37}.Debug|x64.Build.0 = Debug|x64
		{11C90232-F800-4D6D-97E6-9AE979894E37}.Debug|x86.ActiveCfg = Debug|Win32
		{11C90232-F800-4D6D-97E6-9AE979894E37}.Debug|x86.Build.0 = Debug|Win32
		{11C90232-F800-4D6D-97E6-9AE979894E37}.Release|x64.ActiveCfg = Release|x64
		{11C90232-F800-4D6D-97E6-9AE979894E37}.Release|x64.Build.0 = Release|x64
		{11C90232-F800-4D6D-97E6-9AE979894E37}.Release|x86.ActiveCfg = Release|Win32
		{11C90232-F800-4D6D-97E6-9AE979894E37}.Release|x86.Build.0 = Release|Win32
		{06E03352-2B7B-48D6-A1A0-925B7CBC4229}.Debug|x64.ActiveCfg = Debug|x64
		{06E03352-2B7B-48D6-A1A0-925B7CBC4229}.Debug|x64.Build.0 = Debug|x64
		{06E03352-2B7B-48D6-A1A0-925B7CBC4229}.Debug|x86.ActiveCfg = Debug|Win32
		{06E03352-2B7B-48D6-A1A0-925B7CBC4229}.Debug|x86.Build.0 = Debug|Win32
		{06E03352-2B7B-48D6-A1A0-925B7CBC4229}.Release|x64.ActiveCfg = Release|x64
		{06E03352-2B7B-48D6-A1A0-925B7CBC4229}.Release|x64.Build.0 = Release|x64
		{06E03352-2B7B-48D6-A1A0-925B7CBC4229}.Release|x86.ActiveCfg = Release|Win32
		{06E03352-2B7B-48D6-A1A0-925B7CBC4229}.Release|x86.Build.0 = Release|Win32
		{461C62AF-B99F-438E-9FE8-609B1B924D3B}.Debug|x64.ActiveCfg = Debug|x64
		{461C62AF-B99F-438E-9FE8-609B1B924D3B}.Debug|x64.Build.0 = Debug|x64
		{461C62AF-B99F-438E-9FE8-609B1B924D3B}.Debug|x86.ActiveCfg = Debug|Win32
		{461C62AF-B99F-438E-9FE8-609B1B924D3B}.Debug|x86.Build.0 = Debug|Win32
		{461C62AF-B99F-438E-9FE8-609B1B924D3B}.Release|x64.ActiveCfg = Release|x64
		{461C62AF-B99F-438E-9FE8-609B1B924D3B}.Release|x64.Build.0 = Release|x64
		{461C62AF-B99F-438E-9FE8-609B1B924D3B}.Release|x86.ActiveCfg = Release|Win32
		{461C62AF-B99F-438E-9FE8-609B1B924D3B}.Release|x86.Build.0 = Release|Win32
		{09B575BC-9B79-4212-BE57-10821E29E3E7}.Debug|x64.ActiveCfg = Debug|x64
		{09B575BC-9B79-4212-BE57-10821E29E3E7}.Debug|x64.Build.0 = Debug|x64
		{09B575BC-9B79-4212-BE57-10821E29E3E7}.Debug|x86.ActiveCfg = Debug|Win32
		{09B575BC-9B79-4212-BE57-10821E29E3E7}.Debug|x86.Build.0 = Debug|Win32
		{09B575BC-9B79-4212-BE57-10821E29E3E7}.Release|x64.ActiveCfg = Release|x64
		{09B575BC-9B79-4212-BE57-10821E29E3E7}.Release|x64.Build.0 = Release|x64
		{09B575BC-9B79-4212-BE57-10821E29E3E7}.Release|x86.ActiveCfg = Release|Win32
		{09B575BC-9B79-4212-BE57-10821E29E3E7}.Release|x86.Build.0 = Release|Win32
		{A45CDC0B-4996-44A1-8D00-A8E7C0A814CC}.Debug|x64.ActiveCfg = Debug|x64
		{A45CDC0B-4996-44A1-8D00-A8E7C0A814CC}.Debug|x64.Build.0 = Debug|x64
		{A45CDC0B-4996-44A1-8D00-A8E7C0A814CC}.Debug|x86.ActiveCfg = Debug|Win32
		{A45CDC0B-4996-44A1-8D00-A8E7C0A814CC}.Debug|x86.Build.0 = Debug|Win32
		{A45CDC0B-4996-44A1-8D00-A8E7C0A814CC}.Release|x64.ActiveCfg = Release|x64
		{A45CDC0B-4996-44A1-8D00-A8E7C0A814CC}.Release|x64.Build.0 = Release|x64
		{A45CDC0B-4996-44A1-8D00-A8E7C0A814CC}.Release|x86.ActiveCfg = Release|Win32
		{A45CDC0B-4996-44A1-8D00-A8E7C0A814CC}.Release|x86.Build.0 = Release|Win32
		{D070ED0B-7A13-4743-A6DA-5936D9455EB7}.Debug|x64.ActiveCfg = Debug|x64
		{D070ED0B-7A13-4743-A6DA-5936D9455EB7}.Debug|x64.Build.0 = Debug|x64
		{D070ED0B-7A13-4743-A6DA-5936D9455EB7}.Debug|x86.ActiveCfg = Debug|Win32
		{D070ED0B-7A13-4743-A6DA-5936D9455EB7}.Debug|x86.Build.0 = Debug|Win32
		{D070ED0B-7A13-4743-A6DA-5936D9455EB7}.Release|x64.ActiveCfg = Release|x64
		{D070ED0B-7A13-4743-A6DA-5936D9455EB7}.Release|x64.Build.0 = Release|x64
		{D070ED0B-7A13-4743-A6DA-5936D9455EB7}.Release|x86.ActiveCfg = Release|Win32
		{D070ED0B-7A13-4743-A6DA-5936D9455EB7}.Release|x86.Build.0 = Release|Win32
		{6670496D-8F1E-4E36-A9E1-1A687B449344}.Debug|x64.ActiveCfg = Debug|x64
		{6670496D-8F1E-4E36-A9E1-1A687B449344}.Debug|x64.Build.0 = Debug|x64
		{6670496D-8F1E-4E36-A9E1-1A687B449344}.Debug|x86.ActiveCfg = Debug|Win32
		{6670496D-8F1E-4E36-A9E1-1A687B449344}.Debug|x86.Build.0 = Debug|Win32
		{6670496D-8F1E-4E36-A9E1-1A687B449344}.Release|x64.ActiveCfg = Release|x64
		{6670496D-8F1E-4E36-A9E1-1A687B449344}.Release|x64.Build.0 = Release|x64
		{6670496D-8F1E-4E36-A9E1-1A687B449344}.Release|x86.ActiveCfg = Release|Win32
		{6670496D-8F1E-4E36-A9E1-1A687B449344}.Release|x86.Build.0 = Release|Win32
		{897B05DC-6678-43C8-BF68-4DDBB458C85F}.Debug|x64.ActiveCfg = Debug|x64
		{897B05DC-6678-43C8-BF68-4DDBB458C85F}.Debug|x64.Build.0 = Debug|x64
		{897B05DC-6678-43C8-BF68-4DDBB458C85F}.Debug|x86.ActiveCfg = Debug|Win32
		{897B05DC-6678-43C8-BF68-4DDBB458C85F}.Debug|x86.Build.0 = Debug|Win32
		{897B05DC-6678-43C8-BF68-4DDBB458C85F}.Release|x64.ActiveCfg = Release|x64
		{897B05DC-6678-43C8-BF68-4DDBB458C85F}.Release|x64.Build.0 = Release|x64
		{897B05DC-6678-43C8-BF68-4DDBB458C85F}.Release|x86.ActiveCfg = Release|Win32
		{897B05DC-6678-43C8-BF68-4DDBB458C85F}.Release|x86.Build.0 = Release|Win32
		{9B038D1C-6431-44E9-85AE-560618DD987E}.Debug|x64.ActiveCfg = Debug|x64
		{9B038D1C-6431-44E9-85AE-560618DD987E}.Debug|x64.Build.0 = Debug|x64
		{9B038D1C-6431-44E9-85AE-560618DD987E}.Debug|x86.ActiveCfg = Debug|Win32
		{9B038D1C-6431-44E9-85AE-560618DD987E}.Debug|x86.Build.0 = Debug|Win32
		{9B038D1C-6431-44E9-85AE-560618DD987E}.Release|x64.ActiveCfg = Release|x64
		{9B038D1C-6431-44E9-85AE-560618DD987E}.Release|x64.Build.0 = Release|x64
		{9B038D1C-6431-44E9-85AE-560618DD987E}.Release|x86.ActiveCfg = Release|Win32
		{9B038D1C-6431-44E9-85AE-560618DD987E}.Release|x86.Build.0 = Release|Win32
		{6D84BCDB-6443-433B-AB87-A8379E6C4787}.Debug|x64.ActiveCfg = Debug|x64
		{6D84BCDB-6443-433B-AB87-A8379E6C4787}.Debug|x64.Build.0 = Debug|x64
		{6D84BCDB-6443-433B-AB87-A8379E6C4787}.Debug|x86.ActiveCfg = Debug|Win32
		{6D84BCDB-6443-433B-AB87-A8379E6C4787}.Debug|x86.Build.0 = Debug|Win32
		{6D84BCDB-6443-433B-AB87-A8379E6C4787}.Release|x64.ActiveCfg = Release|x64
		{6D84BCDB-6443-433B-AB87-A8379E6C4787}.Release|x64.Build.0 = Release|x64
		{6D84BCDB-6443-433B-AB87-A8379E6C4787}.Release|x86.ActiveCfg = Release|Win32
		{6D84BCDB-6443-433B-AB87-A8379E6C4787}.Release|x86.Build.0 = Release|Win32
		{18C9E46F-6C52-4BBF-888F-7182C0E5B59A}.Debug|x64.ActiveCfg = Debug|x64
		{18C9E46F-6C52-4BBF-888F-7182C0E5B59A}.Debug|x64.Build.0 = Debug|x64
		{18C9E46F-6C52-4BBF-888F-7182C0E5B59A}.Debug|x86.ActiveCfg = Debug|Win32
		{18C9E46F-6C52-4BBF-888F-7182C0E5B59A}.Debug|x86.Build.0 = Debug|Win32
		{18C9E46F-6C52-4BBF-888F-7182C0E5B59A}.Release|x64.ActiveCfg = Release|x64
		{18C9E46F-6C52-4BBF-888F-7182C0E5B59A}.Release|x64.Build.0 = Release|x64
		{18C9E46F-6C52-4BBF-888F-7182C0E5B59A}.Release|x86.ActiveCfg = Release|Win32
		{18C9E46F-6C52-4BBF-888F-7182C0E5B59A}.Release|x86.Build.0 = Release|Win32
		{870E05A6-9E83-4D24-96B4-DA718EED1CBA}.Debug|x64.ActiveCfg = Debug|x64
		{870E05A6-9E83-4D24-96B4-DA718EED1CBA}.Debug|x64.Build.0 = Debug|x64
		{870E05A6-9E83-4D24-96B4-DA718EED1CBA}.Debug|x86.ActiveCfg = Debug|Win32
		{870E05A6-9E83-4D24-96B4-DA718EED1CBA}.Debug|x86.Build.0 = Debug|Win32
		{870E05A6-9E83-4D24-96B4-DA718EED1CBA}.Release|x64.ActiveCfg = Release|x64
		{870E05A6-9E83-4D24-96B4-DA718EED1CBA}.Release|x64.Build.0 = Release|x64
		{870E05A6-9E83-4D24-96B4-DA718EED1CBA}.Release|x86.ActiveCfg = Release|Win32
		{870E05A6-9E83-4D24-96B4-DA718EED1CBA}.Release|x86.Build.0 = Release|Win32
		{5E224EC0-2A75-418B-99CD-24CE33B16BF6}.Debug|x64.ActiveCfg = Debug|x64
		{5E224EC0-2A75-418B-99CD-24CE33B16BF6}.Debug|x64.Build.0 = Debug|x64
		{5E224EC0-2A75-418B-99CD-24CE33B16BF6}.Debug|x86.ActiveCfg = Debug|Win32
		{5E224EC0-2A75-418B-99CD-24CE33B16BF6}.Debug|x86.Build.0 = Debug|Win32
		{5E224EC0-2A75-418B-99CD-24CE33B16BF6}.Release|x64.ActiveCfg = Release|x64
		{5E224EC0-2A75-418B-99CD-24CE33B16BF6}.Release|x64.Build.0 = Release|x64
		{5E224EC0-2A75-418B-99CD-24CE33B16BF6}.Release|x86.ActiveCfg = Release|Win32
		{5E224EC0-2A75-418B-99CD-24CE33B16BF6}.Release|x86.Build.0 = Release|Win32
		{DBF8B798-66ED-47F2-A859-1402821EFC6D}.Debug|x64.ActiveCfg = Debug|x64
		{DBF8B798-66ED-47F2-A859-1402821EFC6D}.Debug|x64.Build.0 = Debug|x64
		{DBF8B798-66ED-47F2-A859-1402821EFC6D}.Debug|x86.ActiveCfg = Debug|Win32
		{DBF8B798-66ED-47F2-A859-1402821EFC6D}.Debug|x86.Build.0 = Debug|Win32
		{DBF8B798-66ED-47F2-A859-1402821EFC6D}.Release|x64.ActiveCfg = Release|x64
		{DBF8B798-66ED-47F2-A859-1402821EFC6D}.Release|x64.Build.0 = Release|x64
		{DBF8B798-66ED-47F2-A859-1402821EFC6D}.Release|x86.ActiveCfg = Release|Win32
		{DBF8B798-66ED-47F2-A859-1402821EFC6D}.Release|x86.Build.0 = Release|Win32
		{79FAB15F-9EC7-459D-939C-4F5CD5EDAB44}.Debug|x64.ActiveCfg = Debug|x64
		{79FAB15F-9EC7-459D-939C-4F5CD5EDAB44}.Debug|x64.Build.0 = Debug|x64
		{79FAB15F-9EC7-459D-939C-4F5CD5EDAB44}.Debug|x86.ActiveCfg = Debug|Win32
		{79FAB15F-9EC7-459D-939C-4F5CD5EDAB44}.Debug|x86.Build.0 = Debug|Win32
		{79FAB15F-9EC7-459D-939C-4F5CD5EDAB44}.Release|x64.ActiveCfg = Release|x64
		{79FAB15F-9EC7-459D-939C-4F5CD5EDAB44}.Release|x64.Build.0 = Release|x64
		{79FAB15F-9EC7-459D-939C-4F5CD5EDAB44}.Release|x86.ActiveCfg = Release|Win32
		{79FAB15F-9EC7-459D-939C-4F5CD5EDAB44}.Release|x86.Build.0 = Release|Win32
		{75C0846E-0A18-4DEF-8DC0-8A12645DC6D4}.Debug|x64.ActiveCfg = Debug|x64
		{75C0846E-0A18-4DEF-8DC0-8A12645DC6D4}.Debug|x64.Build.0 = Debug|x64
		{75C0846E-0A18-4DEF-8DC0-8A12645DC6D4}.Debug|x86.ActiveCfg = Debug|Win32
		{75C0846E-0A18-4DEF-8DC0-8A12645DC6D4}.Debug|x86.Build.0 = Debug|Win32
		{75C0846E-0A18-4DEF-8DC0-8A12645DC6D4}.Release|x64.ActiveCfg = Release|x64
		{75C0846E-0A18-4DEF-8DC0-8A12645DC6D4}.Release|x64.Build.0 = Release|x64
		{75C0846E-0A18-4DEF-8DC0-8A12645DC6D4}.Release|x86.ActiveCfg = Release|Win32
		{75C0846E-0A18-4DEF-8DC0-8A12645DC6D4}.Release|x86.Build.0 = Release|Win32
		{5B783766-54A5-4561-9FF4-5E1D828E9A05}.Debug|x64.ActiveCfg = Debug|x64
		{5B783766-54A5-4561-9FF4-5E1D828E9A05}.Debug|x64.Build.0 = Debug|x64
		{5B783766-54A5-4561-9FF4-5E1D828E9A05}.Debug|x86.ActiveCfg = Debug|Win32
		{5B783766-54A5-4561-9FF4-5E1D828E9A05}.Debug|x86.Build.0 = Debug|Win32
		{5B783766-54A5-4561-9FF4-5E1D828E9A05}.Release|x64.ActiveCfg = Release|x64
		{5B783766-54A5-4561-9FF4-5E1D828E9A05}.Release|x64.Build.0 = Release|x64
		{5B783766-54A5-4561-9FF4-5E1D828E9A05}.Release|x86.ActiveCfg = Release|Win32
		{5B783766-54A5-4561-9FF4-5E1D828E9A05}.Release|x86.Build.0 = Release|Win32
		{4648F13F-DB17-49FB-A114-536B583E91B4}.Debug|x64.ActiveCfg = Debug|x64
		{4648F13F-DB17-49FB-A114-536B583E91B4}.Debug|x64.Build.0 = Debug|x64
		{4648F13F-DB17-49FB-A114-536B583E91B4}.Debug|x86.ActiveCfg = Debug|Win32
		{4648F13F-DB17-49FB-A114-536B583E91B4}.Debug|x86.Build.0 = Debug|Win32
		{4648F13F-DB17-49FB-A114-536B583E91B4}.Release|x64.ActiveCfg = Release|x64
		{4648F13F-DB17-49FB-A114-536B583E91B4}.Release|x64.Build.0 = Release|x64
		{4648F13F-DB17-49FB-A114-536B583E91B4}.Release|x86.ActiveCfg = Release|Win32
		{4648F13F-DB17-49FB-A114-536B583E91B4}.Release|x86.Build.0 = Release|Win32
		{55094813-C613-4A06-BB40-E439FF2667BB}.Debug|x64.ActiveCfg = Debug|x64
		{55094813-C613-4A06-BB40-E439FF2667BB}.Debug|x64.Build.0 = Debug|x64
		{55094813-C613-4A06-BB40-E439FF2667BB}.Debug|x86.ActiveCfg = Debug|Win32
		{55094813-C613-4A06-BB40-E439FF2667BB}.Debug|x86.Build.0 = Debug|Win32
		{55094813-C613-4A06-BB40-E439FF2667BB}.Release|x64.ActiveCfg = Release|x64
		{55094813-C613-4A06-BB40-E439FF2667BB}.Release|x64.Build.0 = Release|x64
		{55094813-C613-4A06-BB40-E439FF2667BB}.Release|x86.ActiveCfg = Release|Win32
		{55094813-C613-4A06-BB40-E439FF2667BB}.Release|x86.Build.0 = Release|Win32
		{E32B9037-A388-4C45-9E21-6321385E2705}.Debug|x64.ActiveCfg = Debug|x64
		{E32B9037-A388-4C45-9E21-6321385E2705}.Debug|x64.Build.0 = Debug|x64
		{E32B9037-A388-4C45-9E21-6321385E2705}.Debug|x86.ActiveCfg = Debug|Win32
		{E32B9037-A388-4C45-9E21-6321385E2705}.Debug|x86.Build.0 = Debug|Win32
		{E32B9037-A388-4C45-9E21-6321385E2705}.Release|x64.ActiveCfg = Release|x64
		{E32B9037-A388-4C45-9E21-6321385E2705}.Release|x64.Build.0 = Release|x64
		{E32B9037-A388-4C45-9E21-6321385E2705}.Release|x86.ActiveCfg = Release|Win32
		{E32B9037-A388-4C45-9E21-6321385E2705}.Release|x86.Build.0 = Release|Win32
	EndGlobalSection
	GlobalSection(SolutionProperties) = preSolution
		HideSolutionNode = FALSE
	EndGlobalSection
	GlobalSection(NestedProjects) = preSolution
		{B8BBBDAA-9CD4-4874-BBC9-175CAE0F83B4} = {1F7E94BF-9097-4D93-B44C-A126271B7010}
		{9C40E1A9-DC63-47FF-BF48-AE9379C8B4E3} = {1F7E94BF-9097-4D93-B44C-A126271B7010}
		{7AC8117F-CB9E-4A69-8E78-D82FB1144327} = {1F7E94BF-9097-4D93-B44C-A126271B7010}
		{CA01824C-D850-4273-9816-EAA0FDE24B76} = {1F7E94BF-9097-4D93-B44C-A126271B7010}
		{E14434C5-CB5F-4D93-9269-063DDD2B41DC} = {1F7E94BF-9097-4D93-B44C-A126271B7010}
		{5CA05AC2-4F10-48F8-8A66-62B0D39772BB} = {1F7E94BF-9097-4D93-B44C-A126271B7010}
		{5C7BB4FC-F451-4CA3-A1A4-5D107BB0B096} = {1F7E94BF-9097-4D93-B44C-A126271B7010}
		{BB335C3A-128B-48EB-9B59-D77CEA4E26FA} = {1F7E94BF-9097-4D93-B44C-A126271B7010}
		{E5567E75-57CF-4A68-87D9-C1C485266488} = {1F7E94BF-9097-4D93-B44C-A126271B7010}
		{A9803B97-589A-4F99-B16A-0B8FE2DD7AB2} = {1F7E94BF-9097-4D93-B44C-A126271B7010}
		{D96C8CC6-33DB-4B32-8DF2-88280F05EEFA} = {1F7E94BF-9097-4D93-B44C-A126271B7010}
		{F9209C9B-DB95-446E-ADB8-F6CE5E20C270} = {1F7E94BF-9097-4D93-B44C-A126271B7010}
		{41C26CC8-02B1-4422-B10B-75FD1F980EAB} = {1F7E94BF-9097-4D93-B44C-A126271B7010}
		{7FFFD2D9-51A7-4E03-BBEB-2E8230B97DD5} = {1F7E94BF-9097-4D93-B44C-A126271B7010}
		{D2B57AFA-99C4-4FC7-93FA-3D8493E60554} = {1F7E94BF-9097-4D93-B44C-A126271B7010}
		{95D30030-DD8D-42EE-8C18-7469F7322DED} = {D8DF2424-3D94-46B9-9D81-0AB4B5A675B7}
		{2679C7E7-3D31-46A0-B0F0-EFFCED0E38CB} = {D8DF2424-3D94-46B9-9D81-0AB4B5A675B7}
		{F999AE63-AD19-4CA8-9F19-21B01408BCEE} = {D8DF2424-3D94-46B9-9D81-0AB4B5A675B7}
		{E5C1626A-EDE3-467E-8866-173A2DE6C45C} = {D8DF2424-3D94-46B9-9D81-0AB4B5A675B7}
		{78B15B16-1084-41EB-9BFB-ED37D6122A98} = {D8DF2424-3D94-46B9-9D81-0AB4B5A675B7}
		{8EF6F2D9-1AF9-46EA-94CF-7E2AD332F90D} = {D8DF2424-3D94-46B9-9D81-0AB4B5A675B7}
		{21C74808-3B66-4E9D-BCD1-07DCEE30337C} = {D8DF2424-3D94-46B9-9D81-0AB4B5A675B7}
		{D8C12330-3A05-44AA-917B-8ED776A8745F} = {D8DF2424-3D94-46B9-9D81-0AB4B5A675B7}
		{F589D115-A56B-4115-8702-AC262717BDD8} = {D8DF2424-3D94-46B9-9D81-0AB4B5A675B7}
		{8ADFDE88-329F-4F80-B24B-52EFEBF46DFC} = {D8DF2424-3D94-46B9-9D81-0AB4B5A675B7}
		{F53E9034-B27C-4B79-B3C7-4F771AB9AA91} = {D8DF2424-3D94-46B9-9D81-0AB4B5A675B7}
		{B7ED1AAD-3FDD-4293-8893-72C45D6C10F4} = {D8DF2424-3D94-46B9-9D81-0AB4B5A675B7}
		{3B5D4804-FB6D-4528-AAC6-BBD2EA479B7D} = {D8DF2424-3D94-46B9-9D81-0AB4B5A675B7}
		{F0DE9789-875E-4BDC-84CB-91973C469E73} = {D8DF2424-3D94-46B9-9D81-0AB4B5A675B7}
		{07D9ED52-D40A-447B-9105-6B76F67E6E0C} = {D8DF2424-3D94-46B9-9D81-0AB4B5A675B7}
		{8349546F-4024-4A9A-BECE-86BA47C1DE23} = {D8DF2424-3D94-46B9-9D81-0AB4B5A675B7}
		{7198741B-83E4-4F39-98FA-A37605C37710} = {D8DF2424-3D94-46B9-9D81-0AB4B5A675B7}
		{95E52603-D7AD-4994-90DB-6315C6AB7795} = {D8DF2424-3D94-46B9-9D81-0AB4B5A675B7}
		{A2F37EFE-9040-44A7-842B-03C0FAE9B31F} = {D8DF2424-3D94-46B9-9D81-0AB4B5A675B7}
		{403E26E2-48D2-4DB3-B0AF-86E736FC7A16} = {D8DF2424-3D94-46B9-9D81-0AB4B5A675B7}
		{79E3F76C-43F6-4D27-BE68-31C1E7D323D8} = {D8DF2424-3D94-46B9-9D81-0AB4B5A675B7}
		{99C9E370-C225-44FB-A962-4BD4990685FD} = {D8DF2424-3D94-46B9-9D81-0AB4B5A675B7}
		{B48C72DA-49ED-4896-9740-32F12520B6F3} = {D8DF2424-3D94-46B9-9D81-0AB4B5A675B7}
		{90A5563B-4772-46BF-B456-A14CFBC63928} = {D8DF2424-3D94-46B9-9D81-0AB4B5A675B7}
		{92EEDB50-CF67-4154-8900-32786433D00A} = {D8DF2424-3D94-46B9-9D81-0AB4B5A675B7}
		{D8DB575D-BFC2-40F5-B81E-591B551D012B} = {D8DF2424-3D94-46B9-9D81-0AB4B5A675B7}
		{57C891E1-51C9-40FA-B552-4E29D1324312} = {D8DF2424-3D94-46B9-9D81-0AB4B5A675B7}
		{D49E77ED-C1D3-4F24-B143-475DE6B78AFD} = {D8DF2424-3D94-46B9-9D81-0AB4B5A675B7}
		{39047D6C-CDAD-4C23-A9FA-7E642F94EADE} = {D8DF2424-3D94-46B9-9D81-0AB4B5A675B7}
		{4548266B-18D9-4D41-97A8-7EFBFABC3B3B} = {D8DF2424-3D94-46B9-9D81-0AB4B5A675B7}
		{61266709-4AC2-4B89-84EB-268E42DFF96E} = {D8DF2424-3D94-46B9-9D81-0AB4B5A675B7}
		{F2BE2B95-9120-4255-A3E3-A1BD93381884} = {D8DF2424-3D94-46B9-9D81-0AB4B5A675B7}
		{8D36A714-AD82-4AA8-BA81-2AC52B90E1B5} = {D8DF2424-3D94-46B9-9D81-0AB4B5A675B7}
		{D4F31829-ECE1-4767-99C7-1F5D26AEF730} = {D8DF2424-3D94-46B9-9D81-0AB4B5A675B7}
		{F36ADACC-B4BC-47D0-8EA9-2BA3475F3AC7} = {D8DF2424-3D94-46B9-9D81-0AB4B5A675B7}
		{E95BAE3F-681F-4D82-99A1-344A9416D99C} = {D8DF2424-3D94-46B9-9D81-0AB4B5A675B7}
		{87F7EAEB-A839-4AAC-97B7-B662BAB27588} = {D8DF2424-3D94-46B9-9D81-0AB4B5A675B7}
		{2807F017-ED16-4DD0-8FC3-340B945BCEAB} = {D8DF2424-3D94-46B9-9D81-0AB4B5A675B7}
		{DC6027A5-6C98-4B20-AC6E-A73E8B0C7320} = {D8DF2424-3D94-46B9-9D81-0AB4B5A675B7}
		{A7F7E658-CA34-423F-8490-8168E39CBFBD} = {D8DF2424-3D94-46B9-9D81-0AB4B5A675B7}
		{0EC19DC7-63E1-46CB-BB7C-3210F155DE97} = {D8DF2424-3D94-46B9-9D81-0AB4B5A675B7}
		{3613EC33-1CB1-4D3F-84DB-0775FEF5C852} = {D8DF2424-3D94-46B9-9D81-0AB4B5A675B7}
		{08216D9E-CD65-492C-9F32-72A00B92AE33} = {D8DF2424-3D94-46B9-9D81-0AB4B5A675B7}
		{0F423785-5EAF-4A38-BC2F-3A8953998683} = {D8DF2424-3D94-46B9-9D81-0AB4B5A675B7}
		{BA7E0ED3-4D3C-482C-8450-069F367078C4} = {D8DF2424-3D94-46B9-9D81-0AB4B5A675B7}
		{3920FAFF-5E81-4DC9-9605-9B41B045FFF0} = {D8DF2424-3D94-46B9-9D81-0AB4B5A675B7}
		{4C8938A1-F10F-4784-BDD0-FFBCF105D15D} = {D8DF2424-3D94-46B9-9D81-0AB4B5A675B7}
		{E9B78722-F378-40FB-8B2E-BCE1E78707B6} = {D8DF2424-3D94-46B9-9D81-0AB4B5A675B7}
		{8D38EB80-D99D-4A98-BF9B-94E7A859F669} = {D8DF2424-3D94-46B9-9D81-0AB4B5A675B7}
		{8A1CE7B3-9D03-45ED-BDDE-85CD13F73611} = {D8DF2424-3D94-46B9-9D81-0AB4B5A675B7}
		{B0898AF3-F34E-46B7-9A44-0260101E877C} = {D8DF2424-3D94-46B9-9D81-0AB4B5A675B7}
		{21DFBBF8-2F44-41CB-8BE6-EE115A203BF1} = {D8DF2424-3D94-46B9-9D81-0AB4B5A675B7}
		{21137EB6-BF5B-4B09-B6C8-0C8F105624F5} = {D8DF2424-3D94-46B9-9D81-0AB4B5A675B7}
		{41B9D599-E961-4A3A-AC77-3F983CA2B643} = {D8DF2424-3D94-46B9-9D81-0AB4B5A675B7}
		{89D66389-99FF-48B2-B185-5029300C78BD} = {D8DF2424-3D94-46B9-9D81-0AB4B5A675B7}
		{50AD2DD5-5420-4288-90A6-C970D94CB57D} = {D8DF2424-3D94-46B9-9D81-0AB4B5A675B7}
		{3FFE8DE0-D721-428D-85A6-51B7817FD7C4} = {D8DF2424-3D94-46B9-9D81-0AB4B5A675B7}
		{B37E62CF-2824-435E-8024-16219EB9DBAF} = {D8DF2424-3D94-46B9-9D81-0AB4B5A675B7}
		{5A42D455-F680-497D-9E49-4A1EA0C39613} = {B8047AEC-E0CD-48D2-8CC0-20ED76ECA735}
		{040A99A6-6909-4B87-B8B1-3DFEC848DF6F} = {B8047AEC-E0CD-48D2-8CC0-20ED76ECA735}
		{1EB4FFC2-21BE-434F-8812-5804E2166429} = {B8047AEC-E0CD-48D2-8CC0-20ED76ECA735}
		{74E2DFF6-AE92-42EA-A44C-8A300E672A42} = {B8047AEC-E0CD-48D2-8CC0-20ED76ECA735}
		{60344466-A98B-4DD6-BE0D-436149809478} = {B8047AEC-E0CD-48D2-8CC0-20ED76ECA735}
		{06B2DE58-4519-4969-8AF1-2F9DC70F0BCC} = {B8047AEC-E0CD-48D2-8CC0-20ED76ECA735}
		{2DDA44B9-F263-49B1-837D-B1BB3BF1BEA1} = {B8047AEC-E0CD-48D2-8CC0-20ED76ECA735}
		{11C90232-F800-4D6D-97E6-9AE979894E37} = {B8047AEC-E0CD-48D2-8CC0-20ED76ECA735}
		{06E03352-2B7B-48D6-A1A0-925B7CBC4229} = {B8047AEC-E0CD-48D2-8CC0-20ED76ECA735}
		{461C62AF-B99F-438E-9FE8-609B1B924D3B} = {B8047AEC-E0CD-48D2-8CC0-20ED76ECA735}
		{09B575BC-9B79-4212-BE57-10821E29E3E7} = {B8047AEC-E0CD-48D2-8CC0-20ED76ECA735}
		{A45CDC0B-4996-44A1-8D00-A8E7C0A814CC} = {B8047AEC-E0CD-48D2-8CC0-20ED76ECA735}
		{D070ED0B-7A13-4743-A6DA-5936D9455EB7} = {B8047AEC-E0CD-48D2-8CC0-20ED76ECA735}
		{6670496D-8F1E-4E36-A9E1-1A687B449344} = {B8047AEC-E0CD-48D2-8CC0-20ED76ECA735}
		{897B05DC-6678-43C8-BF68-4DDBB458C85F} = {B8047AEC-E0CD-48D2-8CC0-20ED76ECA735}
		{9B038D1C-6431-44E9-85AE-560618DD987E} = {B8047AEC-E0CD-48D2-8CC0-20ED76ECA735}
		{6D84BCDB-6443-433B-AB87-A8379E6C4787} = {B8047AEC-E0CD-48D2-8CC0-20ED76ECA735}
		{18C9E46F-6C52-4BBF-888F-7182C0E5B59A} = {B8047AEC-E0CD-48D2-8CC0-20ED76ECA735}
		{870E05A6-9E83-4D24-96B4-DA718EED1CBA} = {B8047AEC-E0CD-48D2-8CC0-20ED76ECA735}
		{5E224EC0-2A75-418B-99CD-24CE33B16BF6} = {B8047AEC-E0CD-48D2-8CC0-20ED76ECA735}
		{DBF8B798-66ED-47F2-A859-1402821EFC6D} = {B8047AEC-E0CD-48D2-8CC0-20ED76ECA735}
		{79FAB15F-9EC7-459D-939C-4F5CD5EDAB44} = {B8047AEC-E0CD-48D2-8CC0-20ED76ECA735}
		{75C0846E-0A18-4DEF-8DC0-8A12645DC6D4} = {B8047AEC-E0CD-48D2-8CC0-20ED76ECA735}
		{5B783766-54A5-4561-9FF4-5E1D828E9A05} = {B8047AEC-E0CD-48D2-8CC0-20ED76ECA735}
		{4648F13F-DB17-49FB-A114-536B583E91B4} = {B8047AEC-E0CD-48D2-8CC0-20ED76ECA735}
		{55094813-C613-4A06-BB40-E439FF2667BB} = {B8047AEC-E0CD-48D2-8CC0-20ED76ECA735}
		{E32B9037-A388-4C45-9E21-6321385E2705} = {B8047AEC-E0CD-48D2-8CC0-20ED76ECA735}
	EndGlobalSection
	GlobalSection(ExtensibilityGlobals) = postSolution
		SolutionGuid = {28590F08-BF31-4FFC-A630-6FBFBADA2867}
	EndGlobalSection
EndGlobal
